// !$*UTF8*$!
{
	archiveVersion = 1;
	classes = {
	};
	objectVersion = 46;
	objects = {

/* Begin PBXBuildFile section */
		2C0CBBDB16B120E300F74384 /* STGTAuthBasic.m in Sources */ = {isa = PBXBuildFile; fileRef = 2C0CBBDA16B120E300F74384 /* STGTAuthBasic.m */; };
		2C0CBC1316B175ED00F74384 /* STGTSettingsController.m in Sources */ = {isa = PBXBuildFile; fileRef = 2C0CBC1216B175ED00F74384 /* STGTSettingsController.m */; };
		2C0CBC4016B357EC00F74384 /* Icon-72.png in Resources */ = {isa = PBXBuildFile; fileRef = 2C0CBC3C16B357EC00F74384 /* Icon-72.png */; };
		2C0CBC4116B357EC00F74384 /* Icon-72@2x.png in Resources */ = {isa = PBXBuildFile; fileRef = 2C0CBC3D16B357EC00F74384 /* Icon-72@2x.png */; };
		2C168D3716A00A74008CBFA7 /* STGTtest.xml in Resources */ = {isa = PBXBuildFile; fileRef = 2C168D3616A00A74008CBFA7 /* STGTtest.xml */; };
		2C1ABBDF16AEBBDE00AD92E4 /* STGTTracker.xcdatamodeld in Sources */ = {isa = PBXBuildFile; fileRef = 2C1ABBDC16AEBBDE00AD92E4 /* STGTTracker.xcdatamodeld */; };
		2C1ABBE816AECD9200AD92E4 /* STGTDatum+Timestamp.m in Sources */ = {isa = PBXBuildFile; fileRef = 2C1ABBE716AECD9200AD92E4 /* STGTDatum+Timestamp.m */; };
		2C29FC1016510FFB007E86E0 /* STGTblank_image_44_44.png in Resources */ = {isa = PBXBuildFile; fileRef = 2C29FC0F16510FFB007E86E0 /* STGTblank_image_44_44.png */; };
		2C32860F1685BDC30081B9DC /* STGTroute.html in Resources */ = {isa = PBXBuildFile; fileRef = 2C32860D1685BDC30081B9DC /* STGTroute.html */; };
		2C32A0A6161052E200713735 /* libxml2.dylib in Frameworks */ = {isa = PBXBuildFile; fileRef = 2C32A0A5161052E200713735 /* libxml2.dylib */; };
		2C32D33D1643A99700A2ADB7 /* STGTSpotViewController.m in Sources */ = {isa = PBXBuildFile; fileRef = 2C32D33C1643A99700A2ADB7 /* STGTSpotViewController.m */; };
		2C32D42D164ACF0800A2ADB7 /* SenTestingKit.framework in Frameworks */ = {isa = PBXBuildFile; fileRef = 2C32D42C164ACF0800A2ADB7 /* SenTestingKit.framework */; };
		2C32D42E164ACF0800A2ADB7 /* UIKit.framework in Frameworks */ = {isa = PBXBuildFile; fileRef = 2CE471FF15E3FEEC00B092DB /* UIKit.framework */; };
		2C32D42F164ACF0800A2ADB7 /* Foundation.framework in Frameworks */ = {isa = PBXBuildFile; fileRef = 2CE4720115E3FEEC00B092DB /* Foundation.framework */; };
		2C32D435164ACF0800A2ADB7 /* InfoPlist.strings in Resources */ = {isa = PBXBuildFile; fileRef = 2C32D433164ACF0800A2ADB7 /* InfoPlist.strings */; };
		2C32D438164ACF0800A2ADB7 /* geotrackingTests.m in Sources */ = {isa = PBXBuildFile; fileRef = 2C32D437164ACF0800A2ADB7 /* geotrackingTests.m */; };
		2C33500F16B40A8300C3EAB0 /* Icon.png in Resources */ = {isa = PBXBuildFile; fileRef = 2C33500E16B40A8300C3EAB0 /* Icon.png */; };
		2C33501116B40A8C00C3EAB0 /* Icon@2x.png in Resources */ = {isa = PBXBuildFile; fileRef = 2C33501016B40A8C00C3EAB0 /* Icon@2x.png */; };
		2C33502B16B5228500C3EAB0 /* STGTSettingsTableViewController.m in Sources */ = {isa = PBXBuildFile; fileRef = 2C33502A16B5228500C3EAB0 /* STGTSettingsTableViewController.m */; };
		2C3B3D03165D3B20003F2347 /* STGTblank_spotImage_132_85.png in Resources */ = {isa = PBXBuildFile; fileRef = 2C3B3D02165D3B20003F2347 /* STGTblank_spotImage_132_85.png */; };
		2C3B3D0B165E64E6003F2347 /* STGTDataSyncController.m in Sources */ = {isa = PBXBuildFile; fileRef = 2C3B3D0A165E64E6003F2347 /* STGTDataSyncController.m */; };
		2C3EB115166D251400748C23 /* SystemConfiguration.framework in Frameworks */ = {isa = PBXBuildFile; fileRef = 2C3EB114166D251400748C23 /* SystemConfiguration.framework */; };
		2C417C6415E80E3F00A3A83D /* STGTTrackerViewController.m in Sources */ = {isa = PBXBuildFile; fileRef = 2C417C6315E80E3F00A3A83D /* STGTTrackerViewController.m */; };
		2C417C6715E81E6000A3A83D /* STGTMapViewController.m in Sources */ = {isa = PBXBuildFile; fileRef = 2C417C6615E81E6000A3A83D /* STGTMapViewController.m */; };
		2C417C6A15E8280B00A3A83D /* STGTMapAnnotation.m in Sources */ = {isa = PBXBuildFile; fileRef = 2C417C6915E8280B00A3A83D /* STGTMapAnnotation.m */; };
		2C94D722166FC00D0019A0C7 /* STGTFilterSpotViewController.m in Sources */ = {isa = PBXBuildFile; fileRef = 2C94D721166FC00D0019A0C7 /* STGTFilterSpotViewController.m */; };
		2CA191CC16A98FEA0072E61F /* STGTAppDelegate.m in Sources */ = {isa = PBXBuildFile; fileRef = 2CA191CB16A98FEA0072E61F /* STGTAppDelegate.m */; };
		2CA9489016A7F326008463CA /* InfoPlist.strings in Resources */ = {isa = PBXBuildFile; fileRef = 2CA9488E16A7F326008463CA /* InfoPlist.strings */; };
		2CB24B701639A7A90040A211 /* STGTSpotPropertiesViewController.m in Sources */ = {isa = PBXBuildFile; fileRef = 2CB24B6F1639A7A90040A211 /* STGTSpotPropertiesViewController.m */; };
		2CCD33B51612FC8100F5AEF3 /* Default-568h@2x.png in Resources */ = {isa = PBXBuildFile; fileRef = 2CCD33B41612FC8100F5AEF3 /* Default-568h@2x.png */; };
		2CD0371E1685D1A700BBEDD5 /* STGTroute.js in Resources */ = {isa = PBXBuildFile; fileRef = 2C32860E1685BDC30081B9DC /* STGTroute.js */; };
		2CD0372816888F1600BBEDD5 /* STGTTrackerManagedDocument.m in Sources */ = {isa = PBXBuildFile; fileRef = 2CD0372716888F1500BBEDD5 /* STGTTrackerManagedDocument.m */; };
		2CD07D77167CE91500E76B81 /* STGTAddressSearchViewController.m in Sources */ = {isa = PBXBuildFile; fileRef = 2CD07D76167CE91500E76B81 /* STGTAddressSearchViewController.m */; };
		2CE4720015E3FEEC00B092DB /* UIKit.framework in Frameworks */ = {isa = PBXBuildFile; fileRef = 2CE471FF15E3FEEC00B092DB /* UIKit.framework */; };
		2CE4720215E3FEEC00B092DB /* Foundation.framework in Frameworks */ = {isa = PBXBuildFile; fileRef = 2CE4720115E3FEEC00B092DB /* Foundation.framework */; };
		2CE4720415E3FEEC00B092DB /* CoreGraphics.framework in Frameworks */ = {isa = PBXBuildFile; fileRef = 2CE4720315E3FEEC00B092DB /* CoreGraphics.framework */; };
		2CE4720C15E3FEEC00B092DB /* main.m in Sources */ = {isa = PBXBuildFile; fileRef = 2CE4720B15E3FEEC00B092DB /* main.m */; };
		2CE4721315E3FEEC00B092DB /* STGTMainStoryboard_iPhone.storyboard in Resources */ = {isa = PBXBuildFile; fileRef = 2CE4721115E3FEEC00B092DB /* STGTMainStoryboard_iPhone.storyboard */; };
		2CE4722015E4016300B092DB /* CoreLocation.framework in Frameworks */ = {isa = PBXBuildFile; fileRef = 2CE4721F15E4016300B092DB /* CoreLocation.framework */; };
		2CE4722215E4016F00B092DB /* MapKit.framework in Frameworks */ = {isa = PBXBuildFile; fileRef = 2CE4722115E4016F00B092DB /* MapKit.framework */; };
		2CE4722515E4055F00B092DB /* STGTTrackingLocationController.m in Sources */ = {isa = PBXBuildFile; fileRef = 2CE4722415E4055F00B092DB /* STGTTrackingLocationController.m */; };
		2CE4723415E54ECF00B092DB /* CoreData.framework in Frameworks */ = {isa = PBXBuildFile; fileRef = 2CE4723315E54ECF00B092DB /* CoreData.framework */; };
		2CE8F8AE16BD540F001F4010 /* STGTInterest.m in Sources */ = {isa = PBXBuildFile; fileRef = 2CE8F8AD16BD540F001F4010 /* STGTInterest.m */; };
		2CE8F8B416BD540F001F4010 /* STGTNetwork.m in Sources */ = {isa = PBXBuildFile; fileRef = 2CE8F8B316BD540F001F4010 /* STGTNetwork.m */; };
		2CE8F8B716BD540F001F4010 /* STGTSpot.m in Sources */ = {isa = PBXBuildFile; fileRef = 2CE8F8B616BD540F001F4010 /* STGTSpot.m */; };
		2CE8F8BA16BD540F001F4010 /* STGTDatum.m in Sources */ = {isa = PBXBuildFile; fileRef = 2CE8F8B916BD540F001F4010 /* STGTDatum.m */; };
		2CE8F8BD16BD540F001F4010 /* STGTTrack.m in Sources */ = {isa = PBXBuildFile; fileRef = 2CE8F8BC16BD540F001F4010 /* STGTTrack.m */; };
		2CE8F8C016BD540F001F4010 /* STGTLocation.m in Sources */ = {isa = PBXBuildFile; fileRef = 2CE8F8BF16BD540F001F4010 /* STGTLocation.m */; };
		2CFC3A8A16BFD01E004B154A /* STGTSettings.m in Sources */ = {isa = PBXBuildFile; fileRef = 2CFC3A8916BFD01E004B154A /* STGTSettings.m */; };
		D602AFAEBC744A309AA94938 /* libPods.a in Frameworks */ = {isa = PBXBuildFile; fileRef = 19979538E5644F14B8F469EA /* libPods.a */; };
/* End PBXBuildFile section */

/* Begin PBXContainerItemProxy section */
		2CF90E9C164AD318007AF987 /* PBXContainerItemProxy */ = {
			isa = PBXContainerItemProxy;
			containerPortal = 2CE471F215E3FEEB00B092DB /* Project object */;
			proxyType = 1;
			remoteGlobalIDString = 2CE471FA15E3FEEC00B092DB;
			remoteInfo = geotracking;
		};
/* End PBXContainerItemProxy section */

/* Begin PBXFileReference section */
		19979538E5644F14B8F469EA /* libPods.a */ = {isa = PBXFileReference; explicitFileType = archive.ar; includeInIndex = 0; path = libPods.a; sourceTree = BUILT_PRODUCTS_DIR; };
		2C0CBBD916B120E300F74384 /* STGTAuthBasic.h */ = {isa = PBXFileReference; fileEncoding = 4; lastKnownFileType = sourcecode.c.h; path = STGTAuthBasic.h; sourceTree = "<group>"; };
		2C0CBBDA16B120E300F74384 /* STGTAuthBasic.m */ = {isa = PBXFileReference; fileEncoding = 4; lastKnownFileType = sourcecode.c.objc; path = STGTAuthBasic.m; sourceTree = "<group>"; };
		2C0CBBDD16B1271A00F74384 /* STGTRequestAuthenticatable.h */ = {isa = PBXFileReference; lastKnownFileType = sourcecode.c.h; path = STGTRequestAuthenticatable.h; sourceTree = "<group>"; };
		2C0CBC0816B1648300F74384 /* STGTTracker 3.xcdatamodel */ = {isa = PBXFileReference; lastKnownFileType = wrapper.xcdatamodel; path = "STGTTracker 3.xcdatamodel"; sourceTree = "<group>"; };
		2C0CBC1116B175ED00F74384 /* STGTSettingsController.h */ = {isa = PBXFileReference; fileEncoding = 4; lastKnownFileType = sourcecode.c.h; path = STGTSettingsController.h; sourceTree = "<group>"; };
		2C0CBC1216B175ED00F74384 /* STGTSettingsController.m */ = {isa = PBXFileReference; fileEncoding = 4; lastKnownFileType = sourcecode.c.objc; path = STGTSettingsController.m; sourceTree = "<group>"; };
		2C0CBC3C16B357EC00F74384 /* Icon-72.png */ = {isa = PBXFileReference; lastKnownFileType = image.png; path = "Icon-72.png"; sourceTree = "<group>"; };
		2C0CBC3D16B357EC00F74384 /* Icon-72@2x.png */ = {isa = PBXFileReference; lastKnownFileType = image.png; path = "Icon-72@2x.png"; sourceTree = "<group>"; };
		2C15B49516B810F40007DBEE /* STGTTracker 4.xcdatamodel */ = {isa = PBXFileReference; lastKnownFileType = wrapper.xcdatamodel; path = "STGTTracker 4.xcdatamodel"; sourceTree = "<group>"; };
		2C168D3616A00A74008CBFA7 /* STGTtest.xml */ = {isa = PBXFileReference; fileEncoding = 4; lastKnownFileType = text.xml; path = STGTtest.xml; sourceTree = "<group>"; };
		2C1ABBDD16AEBBDE00AD92E4 /* STGTTracker 2.xcdatamodel */ = {isa = PBXFileReference; lastKnownFileType = wrapper.xcdatamodel; path = "STGTTracker 2.xcdatamodel"; sourceTree = "<group>"; };
		2C1ABBDE16AEBBDE00AD92E4 /* STGTTracker.xcdatamodel */ = {isa = PBXFileReference; lastKnownFileType = wrapper.xcdatamodel; path = STGTTracker.xcdatamodel; sourceTree = "<group>"; };
		2C1ABBE616AECD9200AD92E4 /* STGTDatum+Timestamp.h */ = {isa = PBXFileReference; fileEncoding = 4; lastKnownFileType = sourcecode.c.h; path = "STGTDatum+Timestamp.h"; sourceTree = "<group>"; };
		2C1ABBE716AECD9200AD92E4 /* STGTDatum+Timestamp.m */ = {isa = PBXFileReference; fileEncoding = 4; lastKnownFileType = sourcecode.c.objc; path = "STGTDatum+Timestamp.m"; sourceTree = "<group>"; };
		2C29FC0F16510FFB007E86E0 /* STGTblank_image_44_44.png */ = {isa = PBXFileReference; lastKnownFileType = image.png; path = STGTblank_image_44_44.png; sourceTree = "<group>"; };
		2C32860D1685BDC30081B9DC /* STGTroute.html */ = {isa = PBXFileReference; fileEncoding = 4; lastKnownFileType = text.html; path = STGTroute.html; sourceTree = "<group>"; };
		2C32860E1685BDC30081B9DC /* STGTroute.js */ = {isa = PBXFileReference; fileEncoding = 4; lastKnownFileType = sourcecode.javascript; path = STGTroute.js; sourceTree = "<group>"; };
		2C32A0A5161052E200713735 /* libxml2.dylib */ = {isa = PBXFileReference; lastKnownFileType = "compiled.mach-o.dylib"; name = libxml2.dylib; path = usr/lib/libxml2.dylib; sourceTree = SDKROOT; };
		2C32D33B1643A99700A2ADB7 /* STGTSpotViewController.h */ = {isa = PBXFileReference; fileEncoding = 4; lastKnownFileType = sourcecode.c.h; path = STGTSpotViewController.h; sourceTree = "<group>"; };
		2C32D33C1643A99700A2ADB7 /* STGTSpotViewController.m */ = {isa = PBXFileReference; fileEncoding = 4; lastKnownFileType = sourcecode.c.objc; path = STGTSpotViewController.m; sourceTree = "<group>"; };
		2C32D42B164ACF0800A2ADB7 /* geotrackingTests.octest */ = {isa = PBXFileReference; explicitFileType = wrapper.cfbundle; includeInIndex = 0; path = geotrackingTests.octest; sourceTree = BUILT_PRODUCTS_DIR; };
		2C32D42C164ACF0800A2ADB7 /* SenTestingKit.framework */ = {isa = PBXFileReference; lastKnownFileType = wrapper.framework; name = SenTestingKit.framework; path = Library/Frameworks/SenTestingKit.framework; sourceTree = DEVELOPER_DIR; };
		2C32D432164ACF0800A2ADB7 /* geotrackingTests-Info.plist */ = {isa = PBXFileReference; lastKnownFileType = text.plist.xml; path = "geotrackingTests-Info.plist"; sourceTree = "<group>"; };
		2C32D434164ACF0800A2ADB7 /* en */ = {isa = PBXFileReference; lastKnownFileType = text.plist.strings; name = en; path = en.lproj/InfoPlist.strings; sourceTree = "<group>"; };
		2C32D436164ACF0800A2ADB7 /* geotrackingTests.h */ = {isa = PBXFileReference; lastKnownFileType = sourcecode.c.h; path = geotrackingTests.h; sourceTree = "<group>"; };
		2C32D437164ACF0800A2ADB7 /* geotrackingTests.m */ = {isa = PBXFileReference; lastKnownFileType = sourcecode.c.objc; path = geotrackingTests.m; sourceTree = "<group>"; };
		2C32D439164ACF0800A2ADB7 /* geotrackingTests-Prefix.pch */ = {isa = PBXFileReference; lastKnownFileType = sourcecode.c.h; path = "geotrackingTests-Prefix.pch"; sourceTree = "<group>"; };
		2C33500E16B40A8300C3EAB0 /* Icon.png */ = {isa = PBXFileReference; lastKnownFileType = image.png; path = Icon.png; sourceTree = "<group>"; };
		2C33501016B40A8C00C3EAB0 /* Icon@2x.png */ = {isa = PBXFileReference; lastKnownFileType = image.png; path = "Icon@2x.png"; sourceTree = "<group>"; };
		2C33502916B5228500C3EAB0 /* STGTSettingsTableViewController.h */ = {isa = PBXFileReference; fileEncoding = 4; lastKnownFileType = sourcecode.c.h; path = STGTSettingsTableViewController.h; sourceTree = "<group>"; };
		2C33502A16B5228500C3EAB0 /* STGTSettingsTableViewController.m */ = {isa = PBXFileReference; fileEncoding = 4; lastKnownFileType = sourcecode.c.objc; path = STGTSettingsTableViewController.m; sourceTree = "<group>"; };
		2C3B3D02165D3B20003F2347 /* STGTblank_spotImage_132_85.png */ = {isa = PBXFileReference; lastKnownFileType = image.png; path = STGTblank_spotImage_132_85.png; sourceTree = "<group>"; };
		2C3B3D09165E64E6003F2347 /* STGTDataSyncController.h */ = {isa = PBXFileReference; fileEncoding = 4; lastKnownFileType = sourcecode.c.h; path = STGTDataSyncController.h; sourceTree = "<group>"; };
		2C3B3D0A165E64E6003F2347 /* STGTDataSyncController.m */ = {isa = PBXFileReference; fileEncoding = 4; lastKnownFileType = sourcecode.c.objc; path = STGTDataSyncController.m; sourceTree = "<group>"; };
		2C3EB114166D251400748C23 /* SystemConfiguration.framework */ = {isa = PBXFileReference; lastKnownFileType = wrapper.framework; name = SystemConfiguration.framework; path = System/Library/Frameworks/SystemConfiguration.framework; sourceTree = SDKROOT; };
		2C417C6215E80E3F00A3A83D /* STGTTrackerViewController.h */ = {isa = PBXFileReference; fileEncoding = 4; lastKnownFileType = sourcecode.c.h; path = STGTTrackerViewController.h; sourceTree = "<group>"; };
		2C417C6315E80E3F00A3A83D /* STGTTrackerViewController.m */ = {isa = PBXFileReference; fileEncoding = 4; lastKnownFileType = sourcecode.c.objc; path = STGTTrackerViewController.m; sourceTree = "<group>"; };
		2C417C6515E81E6000A3A83D /* STGTMapViewController.h */ = {isa = PBXFileReference; fileEncoding = 4; lastKnownFileType = sourcecode.c.h; path = STGTMapViewController.h; sourceTree = "<group>"; };
		2C417C6615E81E6000A3A83D /* STGTMapViewController.m */ = {isa = PBXFileReference; fileEncoding = 4; lastKnownFileType = sourcecode.c.objc; path = STGTMapViewController.m; sourceTree = "<group>"; };
		2C417C6815E8280B00A3A83D /* STGTMapAnnotation.h */ = {isa = PBXFileReference; fileEncoding = 4; lastKnownFileType = sourcecode.c.h; path = STGTMapAnnotation.h; sourceTree = "<group>"; };
		2C417C6915E8280B00A3A83D /* STGTMapAnnotation.m */ = {isa = PBXFileReference; fileEncoding = 4; lastKnownFileType = sourcecode.c.objc; path = STGTMapAnnotation.m; sourceTree = "<group>"; };
		2C94D720166FC00D0019A0C7 /* STGTFilterSpotViewController.h */ = {isa = PBXFileReference; fileEncoding = 4; lastKnownFileType = sourcecode.c.h; path = STGTFilterSpotViewController.h; sourceTree = "<group>"; };
		2C94D721166FC00D0019A0C7 /* STGTFilterSpotViewController.m */ = {isa = PBXFileReference; fileEncoding = 4; lastKnownFileType = sourcecode.c.objc; path = STGTFilterSpotViewController.m; sourceTree = "<group>"; };
		2CA191CA16A98FEA0072E61F /* STGTAppDelegate.h */ = {isa = PBXFileReference; fileEncoding = 4; lastKnownFileType = sourcecode.c.h; path = STGTAppDelegate.h; sourceTree = "<group>"; };
		2CA191CB16A98FEA0072E61F /* STGTAppDelegate.m */ = {isa = PBXFileReference; fileEncoding = 4; lastKnownFileType = sourcecode.c.objc; path = STGTAppDelegate.m; sourceTree = "<group>"; };
		2CA9488F16A7F326008463CA /* en */ = {isa = PBXFileReference; lastKnownFileType = text.plist.strings; name = en; path = en.lproj/InfoPlist.strings; sourceTree = "<group>"; };
		2CB24B6E1639A7A90040A211 /* STGTSpotPropertiesViewController.h */ = {isa = PBXFileReference; fileEncoding = 4; lastKnownFileType = sourcecode.c.h; path = STGTSpotPropertiesViewController.h; sourceTree = "<group>"; };
		2CB24B6F1639A7A90040A211 /* STGTSpotPropertiesViewController.m */ = {isa = PBXFileReference; fileEncoding = 4; lastKnownFileType = sourcecode.c.objc; path = STGTSpotPropertiesViewController.m; sourceTree = "<group>"; };
		2CCD33B41612FC8100F5AEF3 /* Default-568h@2x.png */ = {isa = PBXFileReference; lastKnownFileType = image.png; path = "Default-568h@2x.png"; sourceTree = "<group>"; };
		2CD0372616888F1500BBEDD5 /* STGTTrackerManagedDocument.h */ = {isa = PBXFileReference; fileEncoding = 4; lastKnownFileType = sourcecode.c.h; path = STGTTrackerManagedDocument.h; sourceTree = "<group>"; };
		2CD0372716888F1500BBEDD5 /* STGTTrackerManagedDocument.m */ = {isa = PBXFileReference; fileEncoding = 4; lastKnownFileType = sourcecode.c.objc; path = STGTTrackerManagedDocument.m; sourceTree = "<group>"; };
		2CD07D75167CE91500E76B81 /* STGTAddressSearchViewController.h */ = {isa = PBXFileReference; fileEncoding = 4; lastKnownFileType = sourcecode.c.h; path = STGTAddressSearchViewController.h; sourceTree = "<group>"; };
		2CD07D76167CE91500E76B81 /* STGTAddressSearchViewController.m */ = {isa = PBXFileReference; fileEncoding = 4; lastKnownFileType = sourcecode.c.objc; path = STGTAddressSearchViewController.m; sourceTree = "<group>"; };
		2CE471FB15E3FEEC00B092DB /* geotracker.app */ = {isa = PBXFileReference; explicitFileType = wrapper.application; includeInIndex = 0; path = geotracker.app; sourceTree = BUILT_PRODUCTS_DIR; };
		2CE471FF15E3FEEC00B092DB /* UIKit.framework */ = {isa = PBXFileReference; lastKnownFileType = wrapper.framework; name = UIKit.framework; path = System/Library/Frameworks/UIKit.framework; sourceTree = SDKROOT; };
		2CE4720115E3FEEC00B092DB /* Foundation.framework */ = {isa = PBXFileReference; lastKnownFileType = wrapper.framework; name = Foundation.framework; path = System/Library/Frameworks/Foundation.framework; sourceTree = SDKROOT; };
		2CE4720315E3FEEC00B092DB /* CoreGraphics.framework */ = {isa = PBXFileReference; lastKnownFileType = wrapper.framework; name = CoreGraphics.framework; path = System/Library/Frameworks/CoreGraphics.framework; sourceTree = SDKROOT; };
		2CE4720715E3FEEC00B092DB /* geotracking-Info.plist */ = {isa = PBXFileReference; lastKnownFileType = text.plist.xml; path = "geotracking-Info.plist"; sourceTree = "<group>"; };
		2CE4720B15E3FEEC00B092DB /* main.m */ = {isa = PBXFileReference; lastKnownFileType = sourcecode.c.objc; path = main.m; sourceTree = "<group>"; };
		2CE4720D15E3FEEC00B092DB /* geotracking-Prefix.pch */ = {isa = PBXFileReference; lastKnownFileType = sourcecode.c.h; path = "geotracking-Prefix.pch"; sourceTree = "<group>"; };
		2CE4721215E3FEEC00B092DB /* en */ = {isa = PBXFileReference; lastKnownFileType = file.storyboard; name = en; path = en.lproj/STGTMainStoryboard_iPhone.storyboard; sourceTree = "<group>"; };
		2CE4721F15E4016300B092DB /* CoreLocation.framework */ = {isa = PBXFileReference; lastKnownFileType = wrapper.framework; name = CoreLocation.framework; path = System/Library/Frameworks/CoreLocation.framework; sourceTree = SDKROOT; };
		2CE4722115E4016F00B092DB /* MapKit.framework */ = {isa = PBXFileReference; lastKnownFileType = wrapper.framework; name = MapKit.framework; path = System/Library/Frameworks/MapKit.framework; sourceTree = SDKROOT; };
		2CE4722315E4055F00B092DB /* STGTTrackingLocationController.h */ = {isa = PBXFileReference; fileEncoding = 4; lastKnownFileType = sourcecode.c.h; path = STGTTrackingLocationController.h; sourceTree = "<group>"; };
		2CE4722415E4055F00B092DB /* STGTTrackingLocationController.m */ = {isa = PBXFileReference; fileEncoding = 4; lastKnownFileType = sourcecode.c.objc; path = STGTTrackingLocationController.m; sourceTree = "<group>"; };
		2CE4723315E54ECF00B092DB /* CoreData.framework */ = {isa = PBXFileReference; lastKnownFileType = wrapper.framework; name = CoreData.framework; path = System/Library/Frameworks/CoreData.framework; sourceTree = SDKROOT; };
		2CE8F88916BD22E7001F4010 /* STGTTracker 5.xcdatamodel */ = {isa = PBXFileReference; lastKnownFileType = wrapper.xcdatamodel; path = "STGTTracker 5.xcdatamodel"; sourceTree = "<group>"; };
		2CE8F89516BD5302001F4010 /* STGTTracker 6.xcdatamodel */ = {isa = PBXFileReference; lastKnownFileType = wrapper.xcdatamodel; path = "STGTTracker 6.xcdatamodel"; sourceTree = "<group>"; };
		2CE8F8AC16BD540F001F4010 /* STGTInterest.h */ = {isa = PBXFileReference; fileEncoding = 4; lastKnownFileType = sourcecode.c.h; path = STGTInterest.h; sourceTree = "<group>"; };
		2CE8F8AD16BD540F001F4010 /* STGTInterest.m */ = {isa = PBXFileReference; fileEncoding = 4; lastKnownFileType = sourcecode.c.objc; path = STGTInterest.m; sourceTree = "<group>"; };
		2CE8F8B216BD540F001F4010 /* STGTNetwork.h */ = {isa = PBXFileReference; fileEncoding = 4; lastKnownFileType = sourcecode.c.h; path = STGTNetwork.h; sourceTree = "<group>"; };
		2CE8F8B316BD540F001F4010 /* STGTNetwork.m */ = {isa = PBXFileReference; fileEncoding = 4; lastKnownFileType = sourcecode.c.objc; path = STGTNetwork.m; sourceTree = "<group>"; };
		2CE8F8B516BD540F001F4010 /* STGTSpot.h */ = {isa = PBXFileReference; fileEncoding = 4; lastKnownFileType = sourcecode.c.h; path = STGTSpot.h; sourceTree = "<group>"; };
		2CE8F8B616BD540F001F4010 /* STGTSpot.m */ = {isa = PBXFileReference; fileEncoding = 4; lastKnownFileType = sourcecode.c.objc; path = STGTSpot.m; sourceTree = "<group>"; };
		2CE8F8B816BD540F001F4010 /* STGTDatum.h */ = {isa = PBXFileReference; fileEncoding = 4; lastKnownFileType = sourcecode.c.h; path = STGTDatum.h; sourceTree = "<group>"; };
		2CE8F8B916BD540F001F4010 /* STGTDatum.m */ = {isa = PBXFileReference; fileEncoding = 4; lastKnownFileType = sourcecode.c.objc; path = STGTDatum.m; sourceTree = "<group>"; };
		2CE8F8BB16BD540F001F4010 /* STGTTrack.h */ = {isa = PBXFileReference; fileEncoding = 4; lastKnownFileType = sourcecode.c.h; path = STGTTrack.h; sourceTree = "<group>"; };
		2CE8F8BC16BD540F001F4010 /* STGTTrack.m */ = {isa = PBXFileReference; fileEncoding = 4; lastKnownFileType = sourcecode.c.objc; path = STGTTrack.m; sourceTree = "<group>"; };
		2CE8F8BE16BD540F001F4010 /* STGTLocation.h */ = {isa = PBXFileReference; fileEncoding = 4; lastKnownFileType = sourcecode.c.h; path = STGTLocation.h; sourceTree = "<group>"; };
		2CE8F8BF16BD540F001F4010 /* STGTLocation.m */ = {isa = PBXFileReference; fileEncoding = 4; lastKnownFileType = sourcecode.c.objc; path = STGTLocation.m; sourceTree = "<group>"; };
		2CFC3A8716BFCFFA004B154A /* STGTTracker 7.xcdatamodel */ = {isa = PBXFileReference; lastKnownFileType = file; path = "STGTTracker 7.xcdatamodel"; sourceTree = "<group>"; };
		2CFC3A8816BFD01E004B154A /* STGTSettings.h */ = {isa = PBXFileReference; fileEncoding = 4; lastKnownFileType = sourcecode.c.h; path = STGTSettings.h; sourceTree = "<group>"; };
		2CFC3A8916BFD01E004B154A /* STGTSettings.m */ = {isa = PBXFileReference; fileEncoding = 4; lastKnownFileType = sourcecode.c.objc; path = STGTSettings.m; sourceTree = "<group>"; };
		9C01DD088AC6425A89DD5C5B /* Pods.xcconfig */ = {isa = PBXFileReference; includeInIndex = 1; lastKnownFileType = text.xcconfig; name = Pods.xcconfig; path = Pods/Pods.xcconfig; sourceTree = SOURCE_ROOT; };
/* End PBXFileReference section */

/* Begin PBXFrameworksBuildPhase section */
		2C32D427164ACF0800A2ADB7 /* Frameworks */ = {
			isa = PBXFrameworksBuildPhase;
			buildActionMask = 2147483647;
			files = (
				2C32D42D164ACF0800A2ADB7 /* SenTestingKit.framework in Frameworks */,
				2C32D42E164ACF0800A2ADB7 /* UIKit.framework in Frameworks */,
				2C32D42F164ACF0800A2ADB7 /* Foundation.framework in Frameworks */,
			);
			runOnlyForDeploymentPostprocessing = 0;
		};
		2CE471F815E3FEEC00B092DB /* Frameworks */ = {
			isa = PBXFrameworksBuildPhase;
			buildActionMask = 2147483647;
			files = (
				2C3EB115166D251400748C23 /* SystemConfiguration.framework in Frameworks */,
				2C32A0A6161052E200713735 /* libxml2.dylib in Frameworks */,
				2CE4723415E54ECF00B092DB /* CoreData.framework in Frameworks */,
				2CE4722215E4016F00B092DB /* MapKit.framework in Frameworks */,
				2CE4722015E4016300B092DB /* CoreLocation.framework in Frameworks */,
				2CE4720015E3FEEC00B092DB /* UIKit.framework in Frameworks */,
				2CE4720215E3FEEC00B092DB /* Foundation.framework in Frameworks */,
				2CE4720415E3FEEC00B092DB /* CoreGraphics.framework in Frameworks */,
				D602AFAEBC744A309AA94938 /* libPods.a in Frameworks */,
			);
			runOnlyForDeploymentPostprocessing = 0;
		};
/* End PBXFrameworksBuildPhase section */

/* Begin PBXGroup section */
		2C32D430164ACF0800A2ADB7 /* geotrackingTests */ = {
			isa = PBXGroup;
			children = (
				2C32D436164ACF0800A2ADB7 /* geotrackingTests.h */,
				2C32D437164ACF0800A2ADB7 /* geotrackingTests.m */,
				2C32D431164ACF0800A2ADB7 /* Supporting Files */,
			);
			path = geotrackingTests;
			sourceTree = "<group>";
		};
		2C32D431164ACF0800A2ADB7 /* Supporting Files */ = {
			isa = PBXGroup;
			children = (
				2C32D432164ACF0800A2ADB7 /* geotrackingTests-Info.plist */,
				2C32D433164ACF0800A2ADB7 /* InfoPlist.strings */,
				2C32D439164ACF0800A2ADB7 /* geotrackingTests-Prefix.pch */,
			);
			name = "Supporting Files";
			sourceTree = "<group>";
		};
		2C4BF64416A7EF36000A8E55 /* Classes */ = {
			isa = PBXGroup;
			children = (
				2CD07D75167CE91500E76B81 /* STGTAddressSearchViewController.h */,
				2CD07D76167CE91500E76B81 /* STGTAddressSearchViewController.m */,
				2CE4722315E4055F00B092DB /* STGTTrackingLocationController.h */,
				2CE4722415E4055F00B092DB /* STGTTrackingLocationController.m */,
				2CD0372616888F1500BBEDD5 /* STGTTrackerManagedDocument.h */,
				2CD0372716888F1500BBEDD5 /* STGTTrackerManagedDocument.m */,
				2C417C6215E80E3F00A3A83D /* STGTTrackerViewController.h */,
				2C417C6315E80E3F00A3A83D /* STGTTrackerViewController.m */,
				2C3B3D09165E64E6003F2347 /* STGTDataSyncController.h */,
				2C3B3D0A165E64E6003F2347 /* STGTDataSyncController.m */,
				2C417C6515E81E6000A3A83D /* STGTMapViewController.h */,
				2C417C6615E81E6000A3A83D /* STGTMapViewController.m */,
				2C417C6815E8280B00A3A83D /* STGTMapAnnotation.h */,
				2C417C6915E8280B00A3A83D /* STGTMapAnnotation.m */,
				2C33502916B5228500C3EAB0 /* STGTSettingsTableViewController.h */,
				2C33502A16B5228500C3EAB0 /* STGTSettingsTableViewController.m */,
				2C0CBC1116B175ED00F74384 /* STGTSettingsController.h */,
				2C0CBC1216B175ED00F74384 /* STGTSettingsController.m */,
				2C32D33B1643A99700A2ADB7 /* STGTSpotViewController.h */,
				2C32D33C1643A99700A2ADB7 /* STGTSpotViewController.m */,
				2CB24B6E1639A7A90040A211 /* STGTSpotPropertiesViewController.h */,
				2CB24B6F1639A7A90040A211 /* STGTSpotPropertiesViewController.m */,
				2C94D720166FC00D0019A0C7 /* STGTFilterSpotViewController.h */,
				2C94D721166FC00D0019A0C7 /* STGTFilterSpotViewController.m */,
				2C0CBBDD16B1271A00F74384 /* STGTRequestAuthenticatable.h */,
				2C0CBBD916B120E300F74384 /* STGTAuthBasic.h */,
				2C0CBBDA16B120E300F74384 /* STGTAuthBasic.m */,
			);
			path = Classes;
			sourceTree = "<group>";
		};
		2C94D71F166F92D00019A0C7 /* DataModel */ = {
			isa = PBXGroup;
			children = (
				2C1ABBDC16AEBBDE00AD92E4 /* STGTTracker.xcdatamodeld */,
				2CFC3A8816BFD01E004B154A /* STGTSettings.h */,
				2CFC3A8916BFD01E004B154A /* STGTSettings.m */,
				2CE8F8BE16BD540F001F4010 /* STGTLocation.h */,
				2CE8F8BF16BD540F001F4010 /* STGTLocation.m */,
				2CE8F8BB16BD540F001F4010 /* STGTTrack.h */,
				2CE8F8BC16BD540F001F4010 /* STGTTrack.m */,
				2CE8F8B816BD540F001F4010 /* STGTDatum.h */,
				2CE8F8B916BD540F001F4010 /* STGTDatum.m */,
				2CE8F8B516BD540F001F4010 /* STGTSpot.h */,
				2CE8F8B616BD540F001F4010 /* STGTSpot.m */,
				2CE8F8B216BD540F001F4010 /* STGTNetwork.h */,
				2CE8F8B316BD540F001F4010 /* STGTNetwork.m */,
				2CE8F8AC16BD540F001F4010 /* STGTInterest.h */,
				2CE8F8AD16BD540F001F4010 /* STGTInterest.m */,
				2C1ABBE616AECD9200AD92E4 /* STGTDatum+Timestamp.h */,
				2C1ABBE716AECD9200AD92E4 /* STGTDatum+Timestamp.m */,
			);
			path = DataModel;
			sourceTree = "<group>";
		};
		2CA9488C16A7F097008463CA /* Resources */ = {
			isa = PBXGroup;
			children = (
				2C33501016B40A8C00C3EAB0 /* Icon@2x.png */,
				2C33500E16B40A8300C3EAB0 /* Icon.png */,
				2C0CBC3C16B357EC00F74384 /* Icon-72.png */,
				2C0CBC3D16B357EC00F74384 /* Icon-72@2x.png */,
				2C168D3616A00A74008CBFA7 /* STGTtest.xml */,
				2C32860D1685BDC30081B9DC /* STGTroute.html */,
				2C32860E1685BDC30081B9DC /* STGTroute.js */,
				2C3B3D02165D3B20003F2347 /* STGTblank_spotImage_132_85.png */,
				2C29FC0F16510FFB007E86E0 /* STGTblank_image_44_44.png */,
			);
			path = Resources;
			sourceTree = "<group>";
		};
		2CA9488D16A7F1D7008463CA /* Supporting Files */ = {
			isa = PBXGroup;
			children = (
				2CA9488E16A7F326008463CA /* InfoPlist.strings */,
				2CE4720715E3FEEC00B092DB /* geotracking-Info.plist */,
				2CCD33B41612FC8100F5AEF3 /* Default-568h@2x.png */,
				2CE4720B15E3FEEC00B092DB /* main.m */,
				2CE4720D15E3FEEC00B092DB /* geotracking-Prefix.pch */,
			);
			name = "Supporting Files";
			sourceTree = "<group>";
		};
		2CE471F015E3FEEB00B092DB = {
			isa = PBXGroup;
			children = (
				2CE4720515E3FEEC00B092DB /* geotracking */,
				2C32D430164ACF0800A2ADB7 /* geotrackingTests */,
				2CE471FE15E3FEEC00B092DB /* Frameworks */,
				2CE471FC15E3FEEC00B092DB /* Products */,
				9C01DD088AC6425A89DD5C5B /* Pods.xcconfig */,
			);
			sourceTree = "<group>";
		};
		2CE471FC15E3FEEC00B092DB /* Products */ = {
			isa = PBXGroup;
			children = (
				2CE471FB15E3FEEC00B092DB /* geotracker.app */,
				2C32D42B164ACF0800A2ADB7 /* geotrackingTests.octest */,
			);
			name = Products;
			sourceTree = "<group>";
		};
		2CE471FE15E3FEEC00B092DB /* Frameworks */ = {
			isa = PBXGroup;
			children = (
				2C3EB114166D251400748C23 /* SystemConfiguration.framework */,
				2C32A0A5161052E200713735 /* libxml2.dylib */,
				2CE4723315E54ECF00B092DB /* CoreData.framework */,
				2CE4722115E4016F00B092DB /* MapKit.framework */,
				2CE4721F15E4016300B092DB /* CoreLocation.framework */,
				2CE471FF15E3FEEC00B092DB /* UIKit.framework */,
				2CE4720115E3FEEC00B092DB /* Foundation.framework */,
				2CE4720315E3FEEC00B092DB /* CoreGraphics.framework */,
				2C32D42C164ACF0800A2ADB7 /* SenTestingKit.framework */,
				19979538E5644F14B8F469EA /* libPods.a */,
			);
			name = Frameworks;
			sourceTree = "<group>";
		};
		2CE4720515E3FEEC00B092DB /* geotracking */ = {
			isa = PBXGroup;
			children = (
				2CA9488D16A7F1D7008463CA /* Supporting Files */,
				2CA9488C16A7F097008463CA /* Resources */,
				2C4BF64416A7EF36000A8E55 /* Classes */,
				2C94D71F166F92D00019A0C7 /* DataModel */,
				2CE4721115E3FEEC00B092DB /* STGTMainStoryboard_iPhone.storyboard */,
				2CA191CA16A98FEA0072E61F /* STGTAppDelegate.h */,
				2CA191CB16A98FEA0072E61F /* STGTAppDelegate.m */,
			);
			path = geotracking;
			sourceTree = "<group>";
		};
/* End PBXGroup section */

/* Begin PBXNativeTarget section */
		2C32D42A164ACF0800A2ADB7 /* geotrackingTests */ = {
			isa = PBXNativeTarget;
			buildConfigurationList = 2C32D43A164ACF0800A2ADB7 /* Build configuration list for PBXNativeTarget "geotrackingTests" */;
			buildPhases = (
				2C32D426164ACF0800A2ADB7 /* Sources */,
				2C32D427164ACF0800A2ADB7 /* Frameworks */,
				2C32D428164ACF0800A2ADB7 /* Resources */,
				2C32D429164ACF0800A2ADB7 /* ShellScript */,
			);
			buildRules = (
			);
			dependencies = (
				2CF90E9D164AD318007AF987 /* PBXTargetDependency */,
			);
			name = geotrackingTests;
			productName = geotrackingTests;
			productReference = 2C32D42B164ACF0800A2ADB7 /* geotrackingTests.octest */;
			productType = "com.apple.product-type.bundle";
		};
		2CE471FA15E3FEEC00B092DB /* geotracking */ = {
			isa = PBXNativeTarget;
			buildConfigurationList = 2CE4721C15E3FEEC00B092DB /* Build configuration list for PBXNativeTarget "geotracking" */;
			buildPhases = (
				2CE471F715E3FEEC00B092DB /* Sources */,
				2CE471F815E3FEEC00B092DB /* Frameworks */,
				2CE471F915E3FEEC00B092DB /* Resources */,
				2071127FC672468E9FE53250 /* Copy Pods Resources */,
			);
			buildRules = (
			);
			dependencies = (
			);
			name = geotracking;
			productName = geotracking;
			productReference = 2CE471FB15E3FEEC00B092DB /* geotracker.app */;
			productType = "com.apple.product-type.application";
		};
/* End PBXNativeTarget section */

/* Begin PBXProject section */
		2CE471F215E3FEEB00B092DB /* Project object */ = {
			isa = PBXProject;
			attributes = {
				CLASSPREFIX = STGT;
				LastUpgradeCheck = 0430;
				ORGANIZATIONNAME = "Maxim V. Grigoriev";
			};
			buildConfigurationList = 2CE471F515E3FEEB00B092DB /* Build configuration list for PBXProject "geotracking" */;
			compatibilityVersion = "Xcode 3.2";
			developmentRegion = English;
			hasScannedForEncodings = 0;
			knownRegions = (
				en,
			);
			mainGroup = 2CE471F015E3FEEB00B092DB;
			productRefGroup = 2CE471FC15E3FEEC00B092DB /* Products */;
			projectDirPath = "";
			projectRoot = "";
			targets = (
				2CE471FA15E3FEEC00B092DB /* geotracking */,
				2C32D42A164ACF0800A2ADB7 /* geotrackingTests */,
			);
		};
/* End PBXProject section */

/* Begin PBXResourcesBuildPhase section */
		2C32D428164ACF0800A2ADB7 /* Resources */ = {
			isa = PBXResourcesBuildPhase;
			buildActionMask = 2147483647;
			files = (
				2C32D435164ACF0800A2ADB7 /* InfoPlist.strings in Resources */,
			);
			runOnlyForDeploymentPostprocessing = 0;
		};
		2CE471F915E3FEEC00B092DB /* Resources */ = {
			isa = PBXResourcesBuildPhase;
			buildActionMask = 2147483647;
			files = (
				2CD0371E1685D1A700BBEDD5 /* STGTroute.js in Resources */,
				2CE4721315E3FEEC00B092DB /* STGTMainStoryboard_iPhone.storyboard in Resources */,
				2CCD33B51612FC8100F5AEF3 /* Default-568h@2x.png in Resources */,
				2C29FC1016510FFB007E86E0 /* STGTblank_image_44_44.png in Resources */,
				2C3B3D03165D3B20003F2347 /* STGTblank_spotImage_132_85.png in Resources */,
				2C32860F1685BDC30081B9DC /* STGTroute.html in Resources */,
				2C168D3716A00A74008CBFA7 /* STGTtest.xml in Resources */,
				2CA9489016A7F326008463CA /* InfoPlist.strings in Resources */,
				2C0CBC4016B357EC00F74384 /* Icon-72.png in Resources */,
				2C0CBC4116B357EC00F74384 /* Icon-72@2x.png in Resources */,
				2C33500F16B40A8300C3EAB0 /* Icon.png in Resources */,
				2C33501116B40A8C00C3EAB0 /* Icon@2x.png in Resources */,
			);
			runOnlyForDeploymentPostprocessing = 0;
		};
/* End PBXResourcesBuildPhase section */

/* Begin PBXShellScriptBuildPhase section */
		2071127FC672468E9FE53250 /* Copy Pods Resources */ = {
			isa = PBXShellScriptBuildPhase;
			buildActionMask = 2147483647;
			files = (
			);
			inputPaths = (
			);
			name = "Copy Pods Resources";
			outputPaths = (
			);
			runOnlyForDeploymentPostprocessing = 0;
			shellPath = /bin/sh;
			shellScript = "\"${SRCROOT}/Pods/Pods-resources.sh\"\n";
		};
		2C32D429164ACF0800A2ADB7 /* ShellScript */ = {
			isa = PBXShellScriptBuildPhase;
			buildActionMask = 2147483647;
			files = (
			);
			inputPaths = (
			);
			outputPaths = (
			);
			runOnlyForDeploymentPostprocessing = 0;
			shellPath = /bin/sh;
			shellScript = "# Run the unit tests in this test bundle.\n\"${SYSTEM_DEVELOPER_DIR}/Tools/RunUnitTests\"\n";
		};
/* End PBXShellScriptBuildPhase section */

/* Begin PBXSourcesBuildPhase section */
		2C32D426164ACF0800A2ADB7 /* Sources */ = {
			isa = PBXSourcesBuildPhase;
			buildActionMask = 2147483647;
			files = (
				2C32D438164ACF0800A2ADB7 /* geotrackingTests.m in Sources */,
			);
			runOnlyForDeploymentPostprocessing = 0;
		};
		2CE471F715E3FEEC00B092DB /* Sources */ = {
			isa = PBXSourcesBuildPhase;
			buildActionMask = 2147483647;
			files = (
				2CE4720C15E3FEEC00B092DB /* main.m in Sources */,
				2CE4722515E4055F00B092DB /* STGTTrackingLocationController.m in Sources */,
				2C417C6415E80E3F00A3A83D /* STGTTrackerViewController.m in Sources */,
				2C417C6715E81E6000A3A83D /* STGTMapViewController.m in Sources */,
				2C417C6A15E8280B00A3A83D /* STGTMapAnnotation.m in Sources */,
				2CB24B701639A7A90040A211 /* STGTSpotPropertiesViewController.m in Sources */,
				2C32D33D1643A99700A2ADB7 /* STGTSpotViewController.m in Sources */,
				2C3B3D0B165E64E6003F2347 /* STGTDataSyncController.m in Sources */,
				2C94D722166FC00D0019A0C7 /* STGTFilterSpotViewController.m in Sources */,
				2CD07D77167CE91500E76B81 /* STGTAddressSearchViewController.m in Sources */,
				2CD0372816888F1600BBEDD5 /* STGTTrackerManagedDocument.m in Sources */,
				2CA191CC16A98FEA0072E61F /* STGTAppDelegate.m in Sources */,
				2C1ABBDF16AEBBDE00AD92E4 /* STGTTracker.xcdatamodeld in Sources */,
				2C1ABBE816AECD9200AD92E4 /* STGTDatum+Timestamp.m in Sources */,
				2C0CBBDB16B120E300F74384 /* STGTAuthBasic.m in Sources */,
				2C0CBC1316B175ED00F74384 /* STGTSettingsController.m in Sources */,
				2C33502B16B5228500C3EAB0 /* STGTSettingsTableViewController.m in Sources */,
				2CE8F8AE16BD540F001F4010 /* STGTInterest.m in Sources */,
				2CE8F8B416BD540F001F4010 /* STGTNetwork.m in Sources */,
				2CE8F8B716BD540F001F4010 /* STGTSpot.m in Sources */,
				2CE8F8BA16BD540F001F4010 /* STGTDatum.m in Sources */,
				2CE8F8BD16BD540F001F4010 /* STGTTrack.m in Sources */,
				2CE8F8C016BD540F001F4010 /* STGTLocation.m in Sources */,
				2CFC3A8A16BFD01E004B154A /* STGTSettings.m in Sources */,
			);
			runOnlyForDeploymentPostprocessing = 0;
		};
/* End PBXSourcesBuildPhase section */

/* Begin PBXTargetDependency section */
		2CF90E9D164AD318007AF987 /* PBXTargetDependency */ = {
			isa = PBXTargetDependency;
			target = 2CE471FA15E3FEEC00B092DB /* geotracking */;
			targetProxy = 2CF90E9C164AD318007AF987 /* PBXContainerItemProxy */;
		};
/* End PBXTargetDependency section */

/* Begin PBXVariantGroup section */
		2C32D433164ACF0800A2ADB7 /* InfoPlist.strings */ = {
			isa = PBXVariantGroup;
			children = (
				2C32D434164ACF0800A2ADB7 /* en */,
			);
			name = InfoPlist.strings;
			sourceTree = "<group>";
		};
		2CA9488E16A7F326008463CA /* InfoPlist.strings */ = {
			isa = PBXVariantGroup;
			children = (
				2CA9488F16A7F326008463CA /* en */,
			);
			name = InfoPlist.strings;
			sourceTree = "<group>";
		};
		2CE4721115E3FEEC00B092DB /* STGTMainStoryboard_iPhone.storyboard */ = {
			isa = PBXVariantGroup;
			children = (
				2CE4721215E3FEEC00B092DB /* en */,
			);
			name = STGTMainStoryboard_iPhone.storyboard;
			sourceTree = "<group>";
		};
/* End PBXVariantGroup section */

/* Begin XCBuildConfiguration section */
		2C32D43B164ACF0800A2ADB7 /* Debug */ = {
			isa = XCBuildConfiguration;
			buildSettings = {
				BUNDLE_LOADER = "$(BUILT_PRODUCTS_DIR)/geotracking.app/geotracking";
				CLANG_CXX_LANGUAGE_STANDARD = "gnu++0x";
				CLANG_CXX_LIBRARY = "libc++";
				CLANG_WARN_EMPTY_BODY = YES;
				CLANG_WARN__DUPLICATE_METHOD_MATCH = YES;
				FRAMEWORK_SEARCH_PATHS = (
					"\"$(SDKROOT)/Developer/Library/Frameworks\"",
					"\"$(DEVELOPER_LIBRARY_DIR)/Frameworks\"",
				);
				GCC_PRECOMPILE_PREFIX_HEADER = YES;
				GCC_PREFIX_HEADER = "geotrackingTests/geotrackingTests-Prefix.pch";
				INFOPLIST_FILE = "geotrackingTests/geotrackingTests-Info.plist";
				IPHONEOS_DEPLOYMENT_TARGET = 6.0;
				ONLY_ACTIVE_ARCH = YES;
				PRODUCT_NAME = "$(TARGET_NAME)";
				TEST_HOST = "$(BUNDLE_LOADER)";
				WRAPPER_EXTENSION = octest;
			};
			name = Debug;
		};
		2C32D43C164ACF0800A2ADB7 /* Release */ = {
			isa = XCBuildConfiguration;
			buildSettings = {
				BUNDLE_LOADER = "$(BUILT_PRODUCTS_DIR)/geotracking.app/geotracking";
				CLANG_CXX_LANGUAGE_STANDARD = "gnu++0x";
				CLANG_CXX_LIBRARY = "libc++";
				CLANG_WARN_EMPTY_BODY = YES;
				CLANG_WARN__DUPLICATE_METHOD_MATCH = YES;
				FRAMEWORK_SEARCH_PATHS = (
					"\"$(SDKROOT)/Developer/Library/Frameworks\"",
					"\"$(DEVELOPER_LIBRARY_DIR)/Frameworks\"",
				);
				GCC_PRECOMPILE_PREFIX_HEADER = YES;
				GCC_PREFIX_HEADER = "geotrackingTests/geotrackingTests-Prefix.pch";
				INFOPLIST_FILE = "geotrackingTests/geotrackingTests-Info.plist";
				IPHONEOS_DEPLOYMENT_TARGET = 6.0;
				PRODUCT_NAME = "$(TARGET_NAME)";
				TEST_HOST = "$(BUNDLE_LOADER)";
				WRAPPER_EXTENSION = octest;
			};
			name = Release;
		};
		2CE4721A15E3FEEC00B092DB /* Debug */ = {
			isa = XCBuildConfiguration;
			buildSettings = {
				ALWAYS_SEARCH_USER_PATHS = NO;
				ARCHS = "$(ARCHS_STANDARD_32_BIT)";
				CLANG_ENABLE_OBJC_ARC = YES;
				CODE_SIGN_IDENTITY = "";
				"CODE_SIGN_IDENTITY[sdk=iphoneos*]" = "iPhone Developer";
				COPY_PHASE_STRIP = NO;
				GCC_C_LANGUAGE_STANDARD = gnu99;
				GCC_DYNAMIC_NO_PIC = NO;
				GCC_OPTIMIZATION_LEVEL = 0;
				GCC_PREPROCESSOR_DEFINITIONS = (
					"DEBUG=1",
					"$(inherited)",
				);
				GCC_SYMBOLS_PRIVATE_EXTERN = NO;
				GCC_VERSION = com.apple.compilers.llvm.clang.1_0;
				GCC_WARN_ABOUT_RETURN_TYPE = YES;
				GCC_WARN_UNINITIALIZED_AUTOS = YES;
				GCC_WARN_UNUSED_VARIABLE = YES;
				HEADER_SEARCH_PATHS = "$(SDKROOT)/usr/include/libxml2/**";
				IPHONEOS_DEPLOYMENT_TARGET = 5.1;
				"PROVISIONING_PROFILE[sdk=iphoneos*]" = "";
				SDKROOT = iphoneos;
				TARGETED_DEVICE_FAMILY = "1,2";
			};
			name = Debug;
		};
		2CE4721B15E3FEEC00B092DB /* Release */ = {
			isa = XCBuildConfiguration;
			buildSettings = {
				ALWAYS_SEARCH_USER_PATHS = NO;
				ARCHS = "$(ARCHS_STANDARD_32_BIT)";
				CLANG_ENABLE_OBJC_ARC = YES;
				CODE_SIGN_IDENTITY = "";
				"CODE_SIGN_IDENTITY[sdk=iphoneos*]" = "iPhone Developer";
				COPY_PHASE_STRIP = YES;
				GCC_C_LANGUAGE_STANDARD = gnu99;
				GCC_VERSION = com.apple.compilers.llvm.clang.1_0;
				GCC_WARN_ABOUT_RETURN_TYPE = YES;
				GCC_WARN_UNINITIALIZED_AUTOS = YES;
				GCC_WARN_UNUSED_VARIABLE = YES;
				HEADER_SEARCH_PATHS = "$(SDKROOT)/usr/include/libxml2/**";
				IPHONEOS_DEPLOYMENT_TARGET = 5.1;
				OTHER_CFLAGS = "-DNS_BLOCK_ASSERTIONS=1";
				"PROVISIONING_PROFILE[sdk=iphoneos*]" = "";
				SDKROOT = iphoneos;
				TARGETED_DEVICE_FAMILY = "1,2";
				VALIDATE_PRODUCT = YES;
			};
			name = Release;
		};
		2CE4721D15E3FEEC00B092DB /* Debug */ = {
			isa = XCBuildConfiguration;
			baseConfigurationReference = 9C01DD088AC6425A89DD5C5B /* Pods.xcconfig */;
			buildSettings = {
				FRAMEWORK_SEARCH_PATHS = (
					"$(inherited)",
					"\"$(SYSTEM_APPS_DIR)/Xcode.app/Contents/Developer/Library/Frameworks\"",
				);
				GCC_PRECOMPILE_PREFIX_HEADER = YES;
				GCC_PREFIX_HEADER = "geotracking/geotracking-Prefix.pch";
				INFOPLIST_FILE = "geotracking/geotracking-Info.plist";
				IPHONEOS_DEPLOYMENT_TARGET = 6.0;
				PRODUCT_NAME = geotracker;
				TARGETED_DEVICE_FAMILY = "1,2";
				WRAPPER_EXTENSION = app;
			};
			name = Debug;
		};
		2CE4721E15E3FEEC00B092DB /* Release */ = {
			isa = XCBuildConfiguration;
			baseConfigurationReference = 9C01DD088AC6425A89DD5C5B /* Pods.xcconfig */;
			buildSettings = {
				FRAMEWORK_SEARCH_PATHS = (
					"$(inherited)",
					"\"$(SYSTEM_APPS_DIR)/Xcode.app/Contents/Developer/Library/Frameworks\"",
				);
				GCC_PRECOMPILE_PREFIX_HEADER = YES;
				GCC_PREFIX_HEADER = "geotracking/geotracking-Prefix.pch";
				INFOPLIST_FILE = "geotracking/geotracking-Info.plist";
				IPHONEOS_DEPLOYMENT_TARGET = 6.0;
				PRODUCT_NAME = geotracker;
				TARGETED_DEVICE_FAMILY = "1,2";
				WRAPPER_EXTENSION = app;
			};
			name = Release;
		};
/* End XCBuildConfiguration section */

/* Begin XCConfigurationList section */
		2C32D43A164ACF0800A2ADB7 /* Build configuration list for PBXNativeTarget "geotrackingTests" */ = {
			isa = XCConfigurationList;
			buildConfigurations = (
				2C32D43B164ACF0800A2ADB7 /* Debug */,
				2C32D43C164ACF0800A2ADB7 /* Release */,
			);
			defaultConfigurationIsVisible = 0;
			defaultConfigurationName = Release;
		};
		2CE471F515E3FEEB00B092DB /* Build configuration list for PBXProject "geotracking" */ = {
			isa = XCConfigurationList;
			buildConfigurations = (
				2CE4721A15E3FEEC00B092DB /* Debug */,
				2CE4721B15E3FEEC00B092DB /* Release */,
			);
			defaultConfigurationIsVisible = 0;
			defaultConfigurationName = Release;
		};
		2CE4721C15E3FEEC00B092DB /* Build configuration list for PBXNativeTarget "geotracking" */ = {
			isa = XCConfigurationList;
			buildConfigurations = (
				2CE4721D15E3FEEC00B092DB /* Debug */,
				2CE4721E15E3FEEC00B092DB /* Release */,
			);
			defaultConfigurationIsVisible = 0;
			defaultConfigurationName = Release;
		};
/* End XCConfigurationList section */

/* Begin XCVersionGroup section */
		2C1ABBDC16AEBBDE00AD92E4 /* STGTTracker.xcdatamodeld */ = {
			isa = XCVersionGroup;
			children = (
				2CFC3A8716BFCFFA004B154A /* STGTTracker 7.xcdatamodel */,
				2C15B49516B810F40007DBEE /* STGTTracker 4.xcdatamodel */,
				2CE8F88916BD22E7001F4010 /* STGTTracker 5.xcdatamodel */,
				2CE8F89516BD5302001F4010 /* STGTTracker 6.xcdatamodel */,
				2C1ABBDD16AEBBDE00AD92E4 /* STGTTracker 2.xcdatamodel */,
				2C0CBC0816B1648300F74384 /* STGTTracker 3.xcdatamodel */,
				2C1ABBDE16AEBBDE00AD92E4 /* STGTTracker.xcdatamodel */,
			);
			currentVersion = 2CFC3A8716BFCFFA004B154A /* STGTTracker 7.xcdatamodel */;
			path = STGTTracker.xcdatamodeld;
			sourceTree = "<group>";
			versionGroupType = wrapper.xcdatamodel;
		};
/* End XCVersionGroup section */
	};
	rootObject = 2CE471F215E3FEEB00B092DB /* Project object */;
}
