// !$*UTF8*$!
{
	archiveVersion = 1;
	classes = {
	};
	objectVersion = 46;
	objects = {

/* Begin PBXBuildFile section */
		2C32A0A6161052E200713735 /* libxml2.dylib in Frameworks */ = {isa = PBXBuildFile; fileRef = 2C32A0A5161052E200713735 /* libxml2.dylib */; };
		2C32D33D1643A99700A2ADB7 /* SpotViewController.m in Sources */ = {isa = PBXBuildFile; fileRef = 2C32D33C1643A99700A2ADB7 /* SpotViewController.m */; };
		2C32D35F1643D6FB00A2ADB7 /* Location.m in Sources */ = {isa = PBXBuildFile; fileRef = 2C32D35E1643D6FB00A2ADB7 /* Location.m */; };
		2C32D3621643D6FB00A2ADB7 /* SpotProperty.m in Sources */ = {isa = PBXBuildFile; fileRef = 2C32D3611643D6FB00A2ADB7 /* SpotProperty.m */; };
		2C32D3651643D6FB00A2ADB7 /* Spot.m in Sources */ = {isa = PBXBuildFile; fileRef = 2C32D3641643D6FB00A2ADB7 /* Spot.m */; };
		2C32D3681643D6FB00A2ADB7 /* Track.m in Sources */ = {isa = PBXBuildFile; fileRef = 2C32D3671643D6FB00A2ADB7 /* Track.m */; };
		2C32D36B1643D6FB00A2ADB7 /* Datum.m in Sources */ = {isa = PBXBuildFile; fileRef = 2C32D36A1643D6FB00A2ADB7 /* Datum.m */; };
		2C32D42D164ACF0800A2ADB7 /* SenTestingKit.framework in Frameworks */ = {isa = PBXBuildFile; fileRef = 2C32D42C164ACF0800A2ADB7 /* SenTestingKit.framework */; };
		2C32D42E164ACF0800A2ADB7 /* UIKit.framework in Frameworks */ = {isa = PBXBuildFile; fileRef = 2CE471FF15E3FEEC00B092DB /* UIKit.framework */; };
		2C32D42F164ACF0800A2ADB7 /* Foundation.framework in Frameworks */ = {isa = PBXBuildFile; fileRef = 2CE4720115E3FEEC00B092DB /* Foundation.framework */; };
		2C32D435164ACF0800A2ADB7 /* InfoPlist.strings in Resources */ = {isa = PBXBuildFile; fileRef = 2C32D433164ACF0800A2ADB7 /* InfoPlist.strings */; };
		2C32D438164ACF0800A2ADB7 /* geotrackingTests.m in Sources */ = {isa = PBXBuildFile; fileRef = 2C32D437164ACF0800A2ADB7 /* geotrackingTests.m */; };
		2C417C6415E80E3F00A3A83D /* TrackerViewController.m in Sources */ = {isa = PBXBuildFile; fileRef = 2C417C6315E80E3F00A3A83D /* TrackerViewController.m */; };
		2C417C6715E81E6000A3A83D /* MapViewController.m in Sources */ = {isa = PBXBuildFile; fileRef = 2C417C6615E81E6000A3A83D /* MapViewController.m */; };
		2C417C6A15E8280B00A3A83D /* MapAnnotation.m in Sources */ = {isa = PBXBuildFile; fileRef = 2C417C6915E8280B00A3A83D /* MapAnnotation.m */; };
		2C81523115E6A7D300A886E1 /* Location.xcdatamodeld in Sources */ = {isa = PBXBuildFile; fileRef = 2C81522F15E6A7D300A886E1 /* Location.xcdatamodeld */; };
		2CB24B701639A7A90040A211 /* SpotPropertiesViewController.m in Sources */ = {isa = PBXBuildFile; fileRef = 2CB24B6F1639A7A90040A211 /* SpotPropertiesViewController.m */; };
		2CC7F59D15E8C1E500CF638E /* SettingsViewController.m in Sources */ = {isa = PBXBuildFile; fileRef = 2CC7F59C15E8C1E500CF638E /* SettingsViewController.m */; };
		2CCD33B51612FC8100F5AEF3 /* Default-568h@2x.png in Resources */ = {isa = PBXBuildFile; fileRef = 2CCD33B41612FC8100F5AEF3 /* Default-568h@2x.png */; };
		2CE4720015E3FEEC00B092DB /* UIKit.framework in Frameworks */ = {isa = PBXBuildFile; fileRef = 2CE471FF15E3FEEC00B092DB /* UIKit.framework */; };
		2CE4720215E3FEEC00B092DB /* Foundation.framework in Frameworks */ = {isa = PBXBuildFile; fileRef = 2CE4720115E3FEEC00B092DB /* Foundation.framework */; };
		2CE4720415E3FEEC00B092DB /* CoreGraphics.framework in Frameworks */ = {isa = PBXBuildFile; fileRef = 2CE4720315E3FEEC00B092DB /* CoreGraphics.framework */; };
		2CE4720A15E3FEEC00B092DB /* InfoPlist.strings in Resources */ = {isa = PBXBuildFile; fileRef = 2CE4720815E3FEEC00B092DB /* InfoPlist.strings */; };
		2CE4720C15E3FEEC00B092DB /* main.m in Sources */ = {isa = PBXBuildFile; fileRef = 2CE4720B15E3FEEC00B092DB /* main.m */; };
		2CE4721015E3FEEC00B092DB /* AppDelegate.m in Sources */ = {isa = PBXBuildFile; fileRef = 2CE4720F15E3FEEC00B092DB /* AppDelegate.m */; };
		2CE4721315E3FEEC00B092DB /* MainStoryboard_iPhone.storyboard in Resources */ = {isa = PBXBuildFile; fileRef = 2CE4721115E3FEEC00B092DB /* MainStoryboard_iPhone.storyboard */; };
		2CE4722015E4016300B092DB /* CoreLocation.framework in Frameworks */ = {isa = PBXBuildFile; fileRef = 2CE4721F15E4016300B092DB /* CoreLocation.framework */; };
		2CE4722215E4016F00B092DB /* MapKit.framework in Frameworks */ = {isa = PBXBuildFile; fileRef = 2CE4722115E4016F00B092DB /* MapKit.framework */; };
		2CE4722515E4055F00B092DB /* TrackingLocationController.m in Sources */ = {isa = PBXBuildFile; fileRef = 2CE4722415E4055F00B092DB /* TrackingLocationController.m */; };
		2CE4723415E54ECF00B092DB /* CoreData.framework in Frameworks */ = {isa = PBXBuildFile; fileRef = 2CE4723315E54ECF00B092DB /* CoreData.framework */; };
/* End PBXBuildFile section */

/* Begin PBXContainerItemProxy section */
		2CF90E9C164AD318007AF987 /* PBXContainerItemProxy */ = {
			isa = PBXContainerItemProxy;
			containerPortal = 2CE471F215E3FEEB00B092DB /* Project object */;
			proxyType = 1;
			remoteGlobalIDString = 2CE471FA15E3FEEC00B092DB;
			remoteInfo = geotracking;
		};
/* End PBXContainerItemProxy section */

/* Begin PBXFileReference section */
		2C32A0A5161052E200713735 /* libxml2.dylib */ = {isa = PBXFileReference; lastKnownFileType = "compiled.mach-o.dylib"; name = libxml2.dylib; path = usr/lib/libxml2.dylib; sourceTree = SDKROOT; };
		2C32D33B1643A99700A2ADB7 /* SpotViewController.h */ = {isa = PBXFileReference; fileEncoding = 4; lastKnownFileType = sourcecode.c.h; path = SpotViewController.h; sourceTree = "<group>"; };
		2C32D33C1643A99700A2ADB7 /* SpotViewController.m */ = {isa = PBXFileReference; fileEncoding = 4; lastKnownFileType = sourcecode.c.objc; path = SpotViewController.m; sourceTree = "<group>"; };
		2C32D35D1643D6FB00A2ADB7 /* Location.h */ = {isa = PBXFileReference; fileEncoding = 4; lastKnownFileType = sourcecode.c.h; path = Location.h; sourceTree = "<group>"; };
		2C32D35E1643D6FB00A2ADB7 /* Location.m */ = {isa = PBXFileReference; fileEncoding = 4; lastKnownFileType = sourcecode.c.objc; path = Location.m; sourceTree = "<group>"; };
		2C32D3601643D6FB00A2ADB7 /* SpotProperty.h */ = {isa = PBXFileReference; fileEncoding = 4; lastKnownFileType = sourcecode.c.h; path = SpotProperty.h; sourceTree = "<group>"; };
		2C32D3611643D6FB00A2ADB7 /* SpotProperty.m */ = {isa = PBXFileReference; fileEncoding = 4; lastKnownFileType = sourcecode.c.objc; path = SpotProperty.m; sourceTree = "<group>"; };
		2C32D3631643D6FB00A2ADB7 /* Spot.h */ = {isa = PBXFileReference; fileEncoding = 4; lastKnownFileType = sourcecode.c.h; path = Spot.h; sourceTree = "<group>"; };
		2C32D3641643D6FB00A2ADB7 /* Spot.m */ = {isa = PBXFileReference; fileEncoding = 4; lastKnownFileType = sourcecode.c.objc; path = Spot.m; sourceTree = "<group>"; };
		2C32D3661643D6FB00A2ADB7 /* Track.h */ = {isa = PBXFileReference; fileEncoding = 4; lastKnownFileType = sourcecode.c.h; path = Track.h; sourceTree = "<group>"; };
		2C32D3671643D6FB00A2ADB7 /* Track.m */ = {isa = PBXFileReference; fileEncoding = 4; lastKnownFileType = sourcecode.c.objc; path = Track.m; sourceTree = "<group>"; };
		2C32D3691643D6FB00A2ADB7 /* Datum.h */ = {isa = PBXFileReference; fileEncoding = 4; lastKnownFileType = sourcecode.c.h; path = Datum.h; sourceTree = "<group>"; };
		2C32D36A1643D6FB00A2ADB7 /* Datum.m */ = {isa = PBXFileReference; fileEncoding = 4; lastKnownFileType = sourcecode.c.objc; path = Datum.m; sourceTree = "<group>"; };
		2C32D42B164ACF0800A2ADB7 /* geotrackingTests.octest */ = {isa = PBXFileReference; explicitFileType = wrapper.cfbundle; includeInIndex = 0; path = geotrackingTests.octest; sourceTree = BUILT_PRODUCTS_DIR; };
		2C32D42C164ACF0800A2ADB7 /* SenTestingKit.framework */ = {isa = PBXFileReference; lastKnownFileType = wrapper.framework; name = SenTestingKit.framework; path = Library/Frameworks/SenTestingKit.framework; sourceTree = DEVELOPER_DIR; };
		2C32D432164ACF0800A2ADB7 /* geotrackingTests-Info.plist */ = {isa = PBXFileReference; lastKnownFileType = text.plist.xml; path = "geotrackingTests-Info.plist"; sourceTree = "<group>"; };
		2C32D434164ACF0800A2ADB7 /* en */ = {isa = PBXFileReference; lastKnownFileType = text.plist.strings; name = en; path = en.lproj/InfoPlist.strings; sourceTree = "<group>"; };
		2C32D436164ACF0800A2ADB7 /* geotrackingTests.h */ = {isa = PBXFileReference; lastKnownFileType = sourcecode.c.h; path = geotrackingTests.h; sourceTree = "<group>"; };
		2C32D437164ACF0800A2ADB7 /* geotrackingTests.m */ = {isa = PBXFileReference; lastKnownFileType = sourcecode.c.objc; path = geotrackingTests.m; sourceTree = "<group>"; };
		2C32D439164ACF0800A2ADB7 /* geotrackingTests-Prefix.pch */ = {isa = PBXFileReference; lastKnownFileType = sourcecode.c.h; path = "geotrackingTests-Prefix.pch"; sourceTree = "<group>"; };
		2C417C6215E80E3F00A3A83D /* TrackerViewController.h */ = {isa = PBXFileReference; fileEncoding = 4; lastKnownFileType = sourcecode.c.h; path = TrackerViewController.h; sourceTree = "<group>"; };
		2C417C6315E80E3F00A3A83D /* TrackerViewController.m */ = {isa = PBXFileReference; fileEncoding = 4; lastKnownFileType = sourcecode.c.objc; path = TrackerViewController.m; sourceTree = "<group>"; };
		2C417C6515E81E6000A3A83D /* MapViewController.h */ = {isa = PBXFileReference; fileEncoding = 4; lastKnownFileType = sourcecode.c.h; path = MapViewController.h; sourceTree = "<group>"; };
		2C417C6615E81E6000A3A83D /* MapViewController.m */ = {isa = PBXFileReference; fileEncoding = 4; lastKnownFileType = sourcecode.c.objc; path = MapViewController.m; sourceTree = "<group>"; };
		2C417C6815E8280B00A3A83D /* MapAnnotation.h */ = {isa = PBXFileReference; fileEncoding = 4; lastKnownFileType = sourcecode.c.h; path = MapAnnotation.h; sourceTree = "<group>"; };
		2C417C6915E8280B00A3A83D /* MapAnnotation.m */ = {isa = PBXFileReference; fileEncoding = 4; lastKnownFileType = sourcecode.c.objc; path = MapAnnotation.m; sourceTree = "<group>"; };
		2C81523015E6A7D300A886E1 /* Location.xcdatamodel */ = {isa = PBXFileReference; lastKnownFileType = wrapper.xcdatamodel; path = Location.xcdatamodel; sourceTree = "<group>"; };
		2CB24B6E1639A7A90040A211 /* SpotPropertiesViewController.h */ = {isa = PBXFileReference; fileEncoding = 4; lastKnownFileType = sourcecode.c.h; path = SpotPropertiesViewController.h; sourceTree = "<group>"; };
		2CB24B6F1639A7A90040A211 /* SpotPropertiesViewController.m */ = {isa = PBXFileReference; fileEncoding = 4; lastKnownFileType = sourcecode.c.objc; path = SpotPropertiesViewController.m; sourceTree = "<group>"; };
		2CC7F59B15E8C1E400CF638E /* SettingsViewController.h */ = {isa = PBXFileReference; fileEncoding = 4; lastKnownFileType = sourcecode.c.h; path = SettingsViewController.h; sourceTree = "<group>"; };
		2CC7F59C15E8C1E500CF638E /* SettingsViewController.m */ = {isa = PBXFileReference; fileEncoding = 4; lastKnownFileType = sourcecode.c.objc; path = SettingsViewController.m; sourceTree = "<group>"; };
		2CCD33B41612FC8100F5AEF3 /* Default-568h@2x.png */ = {isa = PBXFileReference; lastKnownFileType = image.png; name = "Default-568h@2x.png"; path = "../Default-568h@2x.png"; sourceTree = "<group>"; };
		2CE471FB15E3FEEC00B092DB /* geotracking.app */ = {isa = PBXFileReference; explicitFileType = wrapper.application; includeInIndex = 0; path = geotracking.app; sourceTree = BUILT_PRODUCTS_DIR; };
		2CE471FF15E3FEEC00B092DB /* UIKit.framework */ = {isa = PBXFileReference; lastKnownFileType = wrapper.framework; name = UIKit.framework; path = System/Library/Frameworks/UIKit.framework; sourceTree = SDKROOT; };
		2CE4720115E3FEEC00B092DB /* Foundation.framework */ = {isa = PBXFileReference; lastKnownFileType = wrapper.framework; name = Foundation.framework; path = System/Library/Frameworks/Foundation.framework; sourceTree = SDKROOT; };
		2CE4720315E3FEEC00B092DB /* CoreGraphics.framework */ = {isa = PBXFileReference; lastKnownFileType = wrapper.framework; name = CoreGraphics.framework; path = System/Library/Frameworks/CoreGraphics.framework; sourceTree = SDKROOT; };
		2CE4720715E3FEEC00B092DB /* geotracking-Info.plist */ = {isa = PBXFileReference; lastKnownFileType = text.plist.xml; path = "geotracking-Info.plist"; sourceTree = "<group>"; };
		2CE4720915E3FEEC00B092DB /* en */ = {isa = PBXFileReference; lastKnownFileType = text.plist.strings; name = en; path = en.lproj/InfoPlist.strings; sourceTree = "<group>"; };
		2CE4720B15E3FEEC00B092DB /* main.m */ = {isa = PBXFileReference; lastKnownFileType = sourcecode.c.objc; path = main.m; sourceTree = "<group>"; };
		2CE4720D15E3FEEC00B092DB /* geotracking-Prefix.pch */ = {isa = PBXFileReference; lastKnownFileType = sourcecode.c.h; path = "geotracking-Prefix.pch"; sourceTree = "<group>"; };
		2CE4720E15E3FEEC00B092DB /* AppDelegate.h */ = {isa = PBXFileReference; lastKnownFileType = sourcecode.c.h; path = AppDelegate.h; sourceTree = "<group>"; };
		2CE4720F15E3FEEC00B092DB /* AppDelegate.m */ = {isa = PBXFileReference; lastKnownFileType = sourcecode.c.objc; path = AppDelegate.m; sourceTree = "<group>"; };
		2CE4721215E3FEEC00B092DB /* en */ = {isa = PBXFileReference; lastKnownFileType = file.storyboard; name = en; path = en.lproj/MainStoryboard_iPhone.storyboard; sourceTree = "<group>"; };
		2CE4721F15E4016300B092DB /* CoreLocation.framework */ = {isa = PBXFileReference; lastKnownFileType = wrapper.framework; name = CoreLocation.framework; path = System/Library/Frameworks/CoreLocation.framework; sourceTree = SDKROOT; };
		2CE4722115E4016F00B092DB /* MapKit.framework */ = {isa = PBXFileReference; lastKnownFileType = wrapper.framework; name = MapKit.framework; path = System/Library/Frameworks/MapKit.framework; sourceTree = SDKROOT; };
		2CE4722315E4055F00B092DB /* TrackingLocationController.h */ = {isa = PBXFileReference; fileEncoding = 4; lastKnownFileType = sourcecode.c.h; path = TrackingLocationController.h; sourceTree = "<group>"; };
		2CE4722415E4055F00B092DB /* TrackingLocationController.m */ = {isa = PBXFileReference; fileEncoding = 4; lastKnownFileType = sourcecode.c.objc; path = TrackingLocationController.m; sourceTree = "<group>"; };
		2CE4723315E54ECF00B092DB /* CoreData.framework */ = {isa = PBXFileReference; lastKnownFileType = wrapper.framework; name = CoreData.framework; path = System/Library/Frameworks/CoreData.framework; sourceTree = SDKROOT; };
/* End PBXFileReference section */

/* Begin PBXFrameworksBuildPhase section */
		2C32D427164ACF0800A2ADB7 /* Frameworks */ = {
			isa = PBXFrameworksBuildPhase;
			buildActionMask = 2147483647;
			files = (
				2C32D42D164ACF0800A2ADB7 /* SenTestingKit.framework in Frameworks */,
				2C32D42E164ACF0800A2ADB7 /* UIKit.framework in Frameworks */,
				2C32D42F164ACF0800A2ADB7 /* Foundation.framework in Frameworks */,
			);
			runOnlyForDeploymentPostprocessing = 0;
		};
		2CE471F815E3FEEC00B092DB /* Frameworks */ = {
			isa = PBXFrameworksBuildPhase;
			buildActionMask = 2147483647;
			files = (
				2C32A0A6161052E200713735 /* libxml2.dylib in Frameworks */,
				2CE4723415E54ECF00B092DB /* CoreData.framework in Frameworks */,
				2CE4722215E4016F00B092DB /* MapKit.framework in Frameworks */,
				2CE4722015E4016300B092DB /* CoreLocation.framework in Frameworks */,
				2CE4720015E3FEEC00B092DB /* UIKit.framework in Frameworks */,
				2CE4720215E3FEEC00B092DB /* Foundation.framework in Frameworks */,
				2CE4720415E3FEEC00B092DB /* CoreGraphics.framework in Frameworks */,
			);
			runOnlyForDeploymentPostprocessing = 0;
		};
/* End PBXFrameworksBuildPhase section */

/* Begin PBXGroup section */
		2C32D430164ACF0800A2ADB7 /* geotrackingTests */ = {
			isa = PBXGroup;
			children = (
				2C32D436164ACF0800A2ADB7 /* geotrackingTests.h */,
				2C32D437164ACF0800A2ADB7 /* geotrackingTests.m */,
				2C32D431164ACF0800A2ADB7 /* Supporting Files */,
			);
			path = geotrackingTests;
			sourceTree = "<group>";
		};
		2C32D431164ACF0800A2ADB7 /* Supporting Files */ = {
			isa = PBXGroup;
			children = (
				2C32D432164ACF0800A2ADB7 /* geotrackingTests-Info.plist */,
				2C32D433164ACF0800A2ADB7 /* InfoPlist.strings */,
				2C32D439164ACF0800A2ADB7 /* geotrackingTests-Prefix.pch */,
			);
			name = "Supporting Files";
			sourceTree = "<group>";
		};
		2CE471F015E3FEEB00B092DB = {
			isa = PBXGroup;
			children = (
				2CE4720515E3FEEC00B092DB /* geotracking */,
				2C32D430164ACF0800A2ADB7 /* geotrackingTests */,
				2CE471FE15E3FEEC00B092DB /* Frameworks */,
				2CE471FC15E3FEEC00B092DB /* Products */,
			);
			sourceTree = "<group>";
		};
		2CE471FC15E3FEEC00B092DB /* Products */ = {
			isa = PBXGroup;
			children = (
				2CE471FB15E3FEEC00B092DB /* geotracking.app */,
				2C32D42B164ACF0800A2ADB7 /* geotrackingTests.octest */,
			);
			name = Products;
			sourceTree = "<group>";
		};
		2CE471FE15E3FEEC00B092DB /* Frameworks */ = {
			isa = PBXGroup;
			children = (
				2C32A0A5161052E200713735 /* libxml2.dylib */,
				2CE4723315E54ECF00B092DB /* CoreData.framework */,
				2CE4722115E4016F00B092DB /* MapKit.framework */,
				2CE4721F15E4016300B092DB /* CoreLocation.framework */,
				2CE471FF15E3FEEC00B092DB /* UIKit.framework */,
				2CE4720115E3FEEC00B092DB /* Foundation.framework */,
				2CE4720315E3FEEC00B092DB /* CoreGraphics.framework */,
				2C32D42C164ACF0800A2ADB7 /* SenTestingKit.framework */,
			);
			name = Frameworks;
			sourceTree = "<group>";
		};
		2CE4720515E3FEEC00B092DB /* geotracking */ = {
			isa = PBXGroup;
			children = (
				2CE4721115E3FEEC00B092DB /* MainStoryboard_iPhone.storyboard */,
				2CE4720E15E3FEEC00B092DB /* AppDelegate.h */,
				2CE4720F15E3FEEC00B092DB /* AppDelegate.m */,
				2CE4722315E4055F00B092DB /* TrackingLocationController.h */,
				2CE4722415E4055F00B092DB /* TrackingLocationController.m */,
				2C417C6215E80E3F00A3A83D /* TrackerViewController.h */,
				2C417C6315E80E3F00A3A83D /* TrackerViewController.m */,
				2C417C6515E81E6000A3A83D /* MapViewController.h */,
				2C417C6615E81E6000A3A83D /* MapViewController.m */,
				2C417C6815E8280B00A3A83D /* MapAnnotation.h */,
				2C417C6915E8280B00A3A83D /* MapAnnotation.m */,
				2CC7F59B15E8C1E400CF638E /* SettingsViewController.h */,
				2CC7F59C15E8C1E500CF638E /* SettingsViewController.m */,
				2C32D33B1643A99700A2ADB7 /* SpotViewController.h */,
				2C32D33C1643A99700A2ADB7 /* SpotViewController.m */,
				2CB24B6E1639A7A90040A211 /* SpotPropertiesViewController.h */,
				2CB24B6F1639A7A90040A211 /* SpotPropertiesViewController.m */,
				2C81522F15E6A7D300A886E1 /* Location.xcdatamodeld */,
				2C32D3691643D6FB00A2ADB7 /* Datum.h */,
				2C32D36A1643D6FB00A2ADB7 /* Datum.m */,
				2C32D3661643D6FB00A2ADB7 /* Track.h */,
				2C32D3671643D6FB00A2ADB7 /* Track.m */,
				2C32D3631643D6FB00A2ADB7 /* Spot.h */,
				2C32D3641643D6FB00A2ADB7 /* Spot.m */,
				2C32D3601643D6FB00A2ADB7 /* SpotProperty.h */,
				2C32D3611643D6FB00A2ADB7 /* SpotProperty.m */,
				2C32D35D1643D6FB00A2ADB7 /* Location.h */,
				2C32D35E1643D6FB00A2ADB7 /* Location.m */,
				2CE4720615E3FEEC00B092DB /* Supporting Files */,
			);
			path = geotracking;
			sourceTree = "<group>";
		};
		2CE4720615E3FEEC00B092DB /* Supporting Files */ = {
			isa = PBXGroup;
			children = (
				2CE4720715E3FEEC00B092DB /* geotracking-Info.plist */,
				2CCD33B41612FC8100F5AEF3 /* Default-568h@2x.png */,
				2CE4720815E3FEEC00B092DB /* InfoPlist.strings */,
				2CE4720B15E3FEEC00B092DB /* main.m */,
				2CE4720D15E3FEEC00B092DB /* geotracking-Prefix.pch */,
			);
			name = "Supporting Files";
			sourceTree = "<group>";
		};
/* End PBXGroup section */

/* Begin PBXNativeTarget section */
		2C32D42A164ACF0800A2ADB7 /* geotrackingTests */ = {
			isa = PBXNativeTarget;
			buildConfigurationList = 2C32D43A164ACF0800A2ADB7 /* Build configuration list for PBXNativeTarget "geotrackingTests" */;
			buildPhases = (
				2C32D426164ACF0800A2ADB7 /* Sources */,
				2C32D427164ACF0800A2ADB7 /* Frameworks */,
				2C32D428164ACF0800A2ADB7 /* Resources */,
				2C32D429164ACF0800A2ADB7 /* ShellScript */,
			);
			buildRules = (
			);
			dependencies = (
				2CF90E9D164AD318007AF987 /* PBXTargetDependency */,
			);
			name = geotrackingTests;
			productName = geotrackingTests;
			productReference = 2C32D42B164ACF0800A2ADB7 /* geotrackingTests.octest */;
			productType = "com.apple.product-type.bundle";
		};
		2CE471FA15E3FEEC00B092DB /* geotracking */ = {
			isa = PBXNativeTarget;
			buildConfigurationList = 2CE4721C15E3FEEC00B092DB /* Build configuration list for PBXNativeTarget "geotracking" */;
			buildPhases = (
				2CE471F715E3FEEC00B092DB /* Sources */,
				2CE471F815E3FEEC00B092DB /* Frameworks */,
				2CE471F915E3FEEC00B092DB /* Resources */,
			);
			buildRules = (
			);
			dependencies = (
			);
			name = geotracking;
			productName = geotracking;
			productReference = 2CE471FB15E3FEEC00B092DB /* geotracking.app */;
			productType = "com.apple.product-type.application";
		};
/* End PBXNativeTarget section */

/* Begin PBXProject section */
		2CE471F215E3FEEB00B092DB /* Project object */ = {
			isa = PBXProject;
			attributes = {
				LastUpgradeCheck = 0430;
				ORGANIZATIONNAME = "Maxim V. Grigoriev";
			};
			buildConfigurationList = 2CE471F515E3FEEB00B092DB /* Build configuration list for PBXProject "geotracking" */;
			compatibilityVersion = "Xcode 3.2";
			developmentRegion = English;
			hasScannedForEncodings = 0;
			knownRegions = (
				en,
			);
			mainGroup = 2CE471F015E3FEEB00B092DB;
			productRefGroup = 2CE471FC15E3FEEC00B092DB /* Products */;
			projectDirPath = "";
			projectRoot = "";
			targets = (
				2CE471FA15E3FEEC00B092DB /* geotracking */,
				2C32D42A164ACF0800A2ADB7 /* geotrackingTests */,
			);
		};
/* End PBXProject section */

/* Begin PBXResourcesBuildPhase section */
		2C32D428164ACF0800A2ADB7 /* Resources */ = {
			isa = PBXResourcesBuildPhase;
			buildActionMask = 2147483647;
			files = (
				2C32D435164ACF0800A2ADB7 /* InfoPlist.strings in Resources */,
			);
			runOnlyForDeploymentPostprocessing = 0;
		};
		2CE471F915E3FEEC00B092DB /* Resources */ = {
			isa = PBXResourcesBuildPhase;
			buildActionMask = 2147483647;
			files = (
				2CE4720A15E3FEEC00B092DB /* InfoPlist.strings in Resources */,
				2CE4721315E3FEEC00B092DB /* MainStoryboard_iPhone.storyboard in Resources */,
				2CCD33B51612FC8100F5AEF3 /* Default-568h@2x.png in Resources */,
			);
			runOnlyForDeploymentPostprocessing = 0;
		};
/* End PBXResourcesBuildPhase section */

/* Begin PBXShellScriptBuildPhase section */
		2C32D429164ACF0800A2ADB7 /* ShellScript */ = {
			isa = PBXShellScriptBuildPhase;
			buildActionMask = 2147483647;
			files = (
			);
			inputPaths = (
			);
			outputPaths = (
			);
			runOnlyForDeploymentPostprocessing = 0;
			shellPath = /bin/sh;
			shellScript = "# Run the unit tests in this test bundle.\n\"${SYSTEM_DEVELOPER_DIR}/Tools/RunUnitTests\"\n";
		};
/* End PBXShellScriptBuildPhase section */

/* Begin PBXSourcesBuildPhase section */
		2C32D426164ACF0800A2ADB7 /* Sources */ = {
			isa = PBXSourcesBuildPhase;
			buildActionMask = 2147483647;
			files = (
				2C32D438164ACF0800A2ADB7 /* geotrackingTests.m in Sources */,
			);
			runOnlyForDeploymentPostprocessing = 0;
		};
		2CE471F715E3FEEC00B092DB /* Sources */ = {
			isa = PBXSourcesBuildPhase;
			buildActionMask = 2147483647;
			files = (
				2CE4720C15E3FEEC00B092DB /* main.m in Sources */,
				2CE4721015E3FEEC00B092DB /* AppDelegate.m in Sources */,
				2CE4722515E4055F00B092DB /* TrackingLocationController.m in Sources */,
				2C81523115E6A7D300A886E1 /* Location.xcdatamodeld in Sources */,
				2C417C6415E80E3F00A3A83D /* TrackerViewController.m in Sources */,
				2C417C6715E81E6000A3A83D /* MapViewController.m in Sources */,
				2C417C6A15E8280B00A3A83D /* MapAnnotation.m in Sources */,
				2CC7F59D15E8C1E500CF638E /* SettingsViewController.m in Sources */,
				2CB24B701639A7A90040A211 /* SpotPropertiesViewController.m in Sources */,
				2C32D33D1643A99700A2ADB7 /* SpotViewController.m in Sources */,
				2C32D35F1643D6FB00A2ADB7 /* Location.m in Sources */,
				2C32D3621643D6FB00A2ADB7 /* SpotProperty.m in Sources */,
				2C32D3651643D6FB00A2ADB7 /* Spot.m in Sources */,
				2C32D3681643D6FB00A2ADB7 /* Track.m in Sources */,
				2C32D36B1643D6FB00A2ADB7 /* Datum.m in Sources */,
			);
			runOnlyForDeploymentPostprocessing = 0;
		};
/* End PBXSourcesBuildPhase section */

/* Begin PBXTargetDependency section */
		2CF90E9D164AD318007AF987 /* PBXTargetDependency */ = {
			isa = PBXTargetDependency;
			target = 2CE471FA15E3FEEC00B092DB /* geotracking */;
			targetProxy = 2CF90E9C164AD318007AF987 /* PBXContainerItemProxy */;
		};
/* End PBXTargetDependency section */

/* Begin PBXVariantGroup section */
		2C32D433164ACF0800A2ADB7 /* InfoPlist.strings */ = {
			isa = PBXVariantGroup;
			children = (
				2C32D434164ACF0800A2ADB7 /* en */,
			);
			name = InfoPlist.strings;
			sourceTree = "<group>";
		};
		2CE4720815E3FEEC00B092DB /* InfoPlist.strings */ = {
			isa = PBXVariantGroup;
			children = (
				2CE4720915E3FEEC00B092DB /* en */,
			);
			name = InfoPlist.strings;
			sourceTree = "<group>";
		};
		2CE4721115E3FEEC00B092DB /* MainStoryboard_iPhone.storyboard */ = {
			isa = PBXVariantGroup;
			children = (
				2CE4721215E3FEEC00B092DB /* en */,
			);
			name = MainStoryboard_iPhone.storyboard;
			sourceTree = "<group>";
		};
/* End PBXVariantGroup section */

/* Begin XCBuildConfiguration section */
		2C32D43B164ACF0800A2ADB7 /* Debug */ = {
			isa = XCBuildConfiguration;
			buildSettings = {
				BUNDLE_LOADER = "$(BUILT_PRODUCTS_DIR)/geotracking.app/geotracking";
				CLANG_CXX_LANGUAGE_STANDARD = "gnu++0x";
				CLANG_CXX_LIBRARY = "libc++";
				CLANG_WARN_EMPTY_BODY = YES;
				CLANG_WARN__DUPLICATE_METHOD_MATCH = YES;
				FRAMEWORK_SEARCH_PATHS = (
					"\"$(SDKROOT)/Developer/Library/Frameworks\"",
					"\"$(DEVELOPER_LIBRARY_DIR)/Frameworks\"",
				);
				GCC_PRECOMPILE_PREFIX_HEADER = YES;
				GCC_PREFIX_HEADER = "geotrackingTests/geotrackingTests-Prefix.pch";
				INFOPLIST_FILE = "geotrackingTests/geotrackingTests-Info.plist";
				IPHONEOS_DEPLOYMENT_TARGET = 6.0;
				ONLY_ACTIVE_ARCH = YES;
				PRODUCT_NAME = "$(TARGET_NAME)";
				TEST_HOST = "$(BUNDLE_LOADER)";
				WRAPPER_EXTENSION = octest;
			};
			name = Debug;
		};
		2C32D43C164ACF0800A2ADB7 /* Release */ = {
			isa = XCBuildConfiguration;
			buildSettings = {
				BUNDLE_LOADER = "$(BUILT_PRODUCTS_DIR)/geotracking.app/geotracking";
				CLANG_CXX_LANGUAGE_STANDARD = "gnu++0x";
				CLANG_CXX_LIBRARY = "libc++";
				CLANG_WARN_EMPTY_BODY = YES;
				CLANG_WARN__DUPLICATE_METHOD_MATCH = YES;
				FRAMEWORK_SEARCH_PATHS = (
					"\"$(SDKROOT)/Developer/Library/Frameworks\"",
					"\"$(DEVELOPER_LIBRARY_DIR)/Frameworks\"",
				);
				GCC_PRECOMPILE_PREFIX_HEADER = YES;
				GCC_PREFIX_HEADER = "geotrackingTests/geotrackingTests-Prefix.pch";
				INFOPLIST_FILE = "geotrackingTests/geotrackingTests-Info.plist";
				IPHONEOS_DEPLOYMENT_TARGET = 6.0;
				PRODUCT_NAME = "$(TARGET_NAME)";
				TEST_HOST = "$(BUNDLE_LOADER)";
				WRAPPER_EXTENSION = octest;
			};
			name = Release;
		};
		2CE4721A15E3FEEC00B092DB /* Debug */ = {
			isa = XCBuildConfiguration;
			buildSettings = {
				ALWAYS_SEARCH_USER_PATHS = NO;
				ARCHS = "$(ARCHS_STANDARD_32_BIT)";
				CLANG_ENABLE_OBJC_ARC = YES;
				"CODE_SIGN_IDENTITY[sdk=iphoneos*]" = "iPhone Developer";
				COPY_PHASE_STRIP = NO;
				GCC_C_LANGUAGE_STANDARD = gnu99;
				GCC_DYNAMIC_NO_PIC = NO;
				GCC_OPTIMIZATION_LEVEL = 0;
				GCC_PREPROCESSOR_DEFINITIONS = (
					"DEBUG=1",
					"$(inherited)",
				);
				GCC_SYMBOLS_PRIVATE_EXTERN = NO;
				GCC_VERSION = com.apple.compilers.llvm.clang.1_0;
				GCC_WARN_ABOUT_RETURN_TYPE = YES;
				GCC_WARN_UNINITIALIZED_AUTOS = YES;
				GCC_WARN_UNUSED_VARIABLE = YES;
				HEADER_SEARCH_PATHS = "$(SDKROOT)/usr/include/libxml2/**";
				IPHONEOS_DEPLOYMENT_TARGET = 5.1;
				SDKROOT = iphoneos;
				TARGETED_DEVICE_FAMILY = "1,2";
			};
			name = Debug;
		};
		2CE4721B15E3FEEC00B092DB /* Release */ = {
			isa = XCBuildConfiguration;
			buildSettings = {
				ALWAYS_SEARCH_USER_PATHS = NO;
				ARCHS = "$(ARCHS_STANDARD_32_BIT)";
				CLANG_ENABLE_OBJC_ARC = YES;
				"CODE_SIGN_IDENTITY[sdk=iphoneos*]" = "iPhone Developer";
				COPY_PHASE_STRIP = YES;
				GCC_C_LANGUAGE_STANDARD = gnu99;
				GCC_VERSION = com.apple.compilers.llvm.clang.1_0;
				GCC_WARN_ABOUT_RETURN_TYPE = YES;
				GCC_WARN_UNINITIALIZED_AUTOS = YES;
				GCC_WARN_UNUSED_VARIABLE = YES;
				HEADER_SEARCH_PATHS = "$(SDKROOT)/usr/include/libxml2/**";
				IPHONEOS_DEPLOYMENT_TARGET = 5.1;
				OTHER_CFLAGS = "-DNS_BLOCK_ASSERTIONS=1";
				SDKROOT = iphoneos;
				TARGETED_DEVICE_FAMILY = "1,2";
				VALIDATE_PRODUCT = YES;
			};
			name = Release;
		};
		2CE4721D15E3FEEC00B092DB /* Debug */ = {
			isa = XCBuildConfiguration;
			buildSettings = {
				FRAMEWORK_SEARCH_PATHS = (
					"$(inherited)",
					"\"$(SYSTEM_APPS_DIR)/Xcode.app/Contents/Developer/Library/Frameworks\"",
				);
				GCC_PRECOMPILE_PREFIX_HEADER = YES;
				GCC_PREFIX_HEADER = "geotracking/geotracking-Prefix.pch";
				INFOPLIST_FILE = "geotracking/geotracking-Info.plist";
				IPHONEOS_DEPLOYMENT_TARGET = 6.0;
				PRODUCT_NAME = "$(TARGET_NAME)";
				TARGETED_DEVICE_FAMILY = 1;
				WRAPPER_EXTENSION = app;
			};
			name = Debug;
		};
		2CE4721E15E3FEEC00B092DB /* Release */ = {
			isa = XCBuildConfiguration;
			buildSettings = {
				FRAMEWORK_SEARCH_PATHS = (
					"$(inherited)",
					"\"$(SYSTEM_APPS_DIR)/Xcode.app/Contents/Developer/Library/Frameworks\"",
				);
				GCC_PRECOMPILE_PREFIX_HEADER = YES;
				GCC_PREFIX_HEADER = "geotracking/geotracking-Prefix.pch";
				INFOPLIST_FILE = "geotracking/geotracking-Info.plist";
				IPHONEOS_DEPLOYMENT_TARGET = 6.0;
				PRODUCT_NAME = "$(TARGET_NAME)";
				TARGETED_DEVICE_FAMILY = 1;
				WRAPPER_EXTENSION = app;
			};
			name = Release;
		};
/* End XCBuildConfiguration section */

/* Begin XCConfigurationList section */
		2C32D43A164ACF0800A2ADB7 /* Build configuration list for PBXNativeTarget "geotrackingTests" */ = {
			isa = XCConfigurationList;
			buildConfigurations = (
				2C32D43B164ACF0800A2ADB7 /* Debug */,
				2C32D43C164ACF0800A2ADB7 /* Release */,
			);
			defaultConfigurationIsVisible = 0;
			defaultConfigurationName = Release;
		};
		2CE471F515E3FEEB00B092DB /* Build configuration list for PBXProject "geotracking" */ = {
			isa = XCConfigurationList;
			buildConfigurations = (
				2CE4721A15E3FEEC00B092DB /* Debug */,
				2CE4721B15E3FEEC00B092DB /* Release */,
			);
			defaultConfigurationIsVisible = 0;
			defaultConfigurationName = Release;
		};
		2CE4721C15E3FEEC00B092DB /* Build configuration list for PBXNativeTarget "geotracking" */ = {
			isa = XCConfigurationList;
			buildConfigurations = (
				2CE4721D15E3FEEC00B092DB /* Debug */,
				2CE4721E15E3FEEC00B092DB /* Release */,
			);
			defaultConfigurationIsVisible = 0;
			defaultConfigurationName = Release;
		};
/* End XCConfigurationList section */

/* Begin XCVersionGroup section */
		2C81522F15E6A7D300A886E1 /* Location.xcdatamodeld */ = {
			isa = XCVersionGroup;
			children = (
				2C81523015E6A7D300A886E1 /* Location.xcdatamodel */,
			);
			currentVersion = 2C81523015E6A7D300A886E1 /* Location.xcdatamodel */;
			path = Location.xcdatamodeld;
			sourceTree = "<group>";
			versionGroupType = wrapper.xcdatamodel;
		};
/* End XCVersionGroup section */
	};
	rootObject = 2CE471F215E3FEEB00B092DB /* Project object */;
}
